// !$*UTF8*$!
{
	archiveVersion = 1;
	classes = {
	};
	objectVersion = 56;
	objects = {

/* Begin PBXBuildFile section */
		664A96032B60D10200E8A571 /* AppDelegate.swift in Sources */ = {isa = PBXBuildFile; fileRef = 664A96022B60D10200E8A571 /* AppDelegate.swift */; };
		664A96052B60D10200E8A571 /* SceneDelegate.swift in Sources */ = {isa = PBXBuildFile; fileRef = 664A96042B60D10200E8A571 /* SceneDelegate.swift */; };
		664A96072B60D10200E8A571 /* ViewController.swift in Sources */ = {isa = PBXBuildFile; fileRef = 664A96062B60D10200E8A571 /* ViewController.swift */; };
		664A960A2B60D10200E8A571 /* Main.storyboard in Resources */ = {isa = PBXBuildFile; fileRef = 664A96082B60D10200E8A571 /* Main.storyboard */; };
		664A960C2B60D10200E8A571 /* Assets.xcassets in Resources */ = {isa = PBXBuildFile; fileRef = 664A960B2B60D10200E8A571 /* Assets.xcassets */; };
		664A960F2B60D10200E8A571 /* LaunchScreen.storyboard in Resources */ = {isa = PBXBuildFile; fileRef = 664A960D2B60D10200E8A571 /* LaunchScreen.storyboard */; };
		664A96172B60D15A00E8A571 /* MemberLevelBar.swift in Sources */ = {isa = PBXBuildFile; fileRef = 664A96162B60D15A00E8A571 /* MemberLevelBar.swift */; };
		66AD55A42B60F5F6004AD26F /* TinyConstraints in Frameworks */ = {isa = PBXBuildFile; productRef = 66AD55A32B60F5F6004AD26F /* TinyConstraints */; };
/* End PBXBuildFile section */

/* Begin PBXFileReference section */
		664A95FF2B60D10200E8A571 /* study_member_level_bar.app */ = {isa = PBXFileReference; explicitFileType = wrapper.application; includeInIndex = 0; path = study_member_level_bar.app; sourceTree = BUILT_PRODUCTS_DIR; };
		664A96022B60D10200E8A571 /* AppDelegate.swift */ = {isa = PBXFileReference; lastKnownFileType = sourcecode.swift; path = AppDelegate.swift; sourceTree = "<group>"; };
		664A96042B60D10200E8A571 /* SceneDelegate.swift */ = {isa = PBXFileReference; lastKnownFileType = sourcecode.swift; path = SceneDelegate.swift; sourceTree = "<group>"; };
		664A96062B60D10200E8A571 /* ViewController.swift */ = {isa = PBXFileReference; lastKnownFileType = sourcecode.swift; path = ViewController.swift; sourceTree = "<group>"; };
		664A96092B60D10200E8A571 /* Base */ = {isa = PBXFileReference; lastKnownFileType = file.storyboard; name = Base; path = Base.lproj/Main.storyboard; sourceTree = "<group>"; };
		664A960B2B60D10200E8A571 /* Assets.xcassets */ = {isa = PBXFileReference; lastKnownFileType = folder.assetcatalog; path = Assets.xcassets; sourceTree = "<group>"; };
		664A960E2B60D10200E8A571 /* Base */ = {isa = PBXFileReference; lastKnownFileType = file.storyboard; name = Base; path = Base.lproj/LaunchScreen.storyboard; sourceTree = "<group>"; };
		664A96102B60D10200E8A571 /* Info.plist */ = {isa = PBXFileReference; lastKnownFileType = text.plist.xml; path = Info.plist; sourceTree = "<group>"; };
		664A96162B60D15A00E8A571 /* MemberLevelBar.swift */ = {isa = PBXFileReference; lastKnownFileType = sourcecode.swift; path = MemberLevelBar.swift; sourceTree = "<group>"; };
/* End PBXFileReference section */

/* Begin PBXFrameworksBuildPhase section */
		664A95FC2B60D10200E8A571 /* Frameworks */ = {
			isa = PBXFrameworksBuildPhase;
			buildActionMask = 2147483647;
			files = (
				66AD55A42B60F5F6004AD26F /* TinyConstraints in Frameworks */,
			);
			runOnlyForDeploymentPostprocessing = 0;
		};
/* End PBXFrameworksBuildPhase section */

/* Begin PBXGroup section */
		664A95F62B60D10200E8A571 = {
			isa = PBXGroup;
			children = (
				664A96012B60D10200E8A571 /* study_member_level_bar */,
				664A96002B60D10200E8A571 /* Products */,
			);
			sourceTree = "<group>";
		};
		664A96002B60D10200E8A571 /* Products */ = {
			isa = PBXGroup;
			children = (
				664A95FF2B60D10200E8A571 /* study_member_level_bar.app */,
			);
			name = Products;
			sourceTree = "<group>";
		};
		664A96012B60D10200E8A571 /* study_member_level_bar */ = {
			isa = PBXGroup;
			children = (
				664A96022B60D10200E8A571 /* AppDelegate.swift */,
				664A96042B60D10200E8A571 /* SceneDelegate.swift */,
				664A96062B60D10200E8A571 /* ViewController.swift */,
				664A96082B60D10200E8A571 /* Main.storyboard */,
				664A960B2B60D10200E8A571 /* Assets.xcassets */,
				664A960D2B60D10200E8A571 /* LaunchScreen.storyboard */,
				664A96102B60D10200E8A571 /* Info.plist */,
				664A96162B60D15A00E8A571 /* MemberLevelBar.swift */,
			);
			path = study_member_level_bar;
			sourceTree = "<group>";
		};
/* End PBXGroup section */

/* Begin PBXNativeTarget section */
		664A95FE2B60D10200E8A571 /* study_member_level_bar */ = {
			isa = PBXNativeTarget;
			buildConfigurationList = 664A96132B60D10200E8A571 /* Build configuration list for PBXNativeTarget "study_member_level_bar" */;
			buildPhases = (
				664A95FB2B60D10200E8A571 /* Sources */,
				664A95FC2B60D10200E8A571 /* Frameworks */,
				664A95FD2B60D10200E8A571 /* Resources */,
			);
			buildRules = (
			);
			dependencies = (
			);
			name = study_member_level_bar;
			packageProductDependencies = (
				66AD55A32B60F5F6004AD26F /* TinyConstraints */,
			);
			productName = study_member_level_bar;
			productReference = 664A95FF2B60D10200E8A571 /* study_member_level_bar.app */;
			productType = "com.apple.product-type.application";
		};
/* End PBXNativeTarget section */

/* Begin PBXProject section */
		664A95F72B60D10200E8A571 /* Project object */ = {
			isa = PBXProject;
			attributes = {
				BuildIndependentTargetsInParallel = 1;
				LastSwiftUpdateCheck = 1430;
				LastUpgradeCheck = 1430;
				TargetAttributes = {
					664A95FE2B60D10200E8A571 = {
						CreatedOnToolsVersion = 14.3.1;
					};
				};
			};
			buildConfigurationList = 664A95FA2B60D10200E8A571 /* Build configuration list for PBXProject "study_member_level_bar" */;
			compatibilityVersion = "Xcode 14.0";
			developmentRegion = en;
			hasScannedForEncodings = 0;
			knownRegions = (
				en,
				Base,
			);
			mainGroup = 664A95F62B60D10200E8A571;
			packageReferences = (
				66AD55A22B60F5F6004AD26F /* XCRemoteSwiftPackageReference "TinyConstraints" */,
			);
			productRefGroup = 664A96002B60D10200E8A571 /* Products */;
			projectDirPath = "";
			projectRoot = "";
			targets = (
				664A95FE2B60D10200E8A571 /* study_member_level_bar */,
			);
		};
/* End PBXProject section */

/* Begin PBXResourcesBuildPhase section */
		664A95FD2B60D10200E8A571 /* Resources */ = {
			isa = PBXResourcesBuildPhase;
			buildActionMask = 2147483647;
			files = (
				664A960F2B60D10200E8A571 /* LaunchScreen.storyboard in Resources */,
				664A960C2B60D10200E8A571 /* Assets.xcassets in Resources */,
				664A960A2B60D10200E8A571 /* Main.storyboard in Resources */,
			);
			runOnlyForDeploymentPostprocessing = 0;
		};
/* End PBXResourcesBuildPhase section */

/* Begin PBXSourcesBuildPhase section */
		664A95FB2B60D10200E8A571 /* Sources */ = {
			isa = PBXSourcesBuildPhase;
			buildActionMask = 2147483647;
			files = (
				664A96172B60D15A00E8A571 /* MemberLevelBar.swift in Sources */,
				664A96072B60D10200E8A571 /* ViewController.swift in Sources */,
				664A96032B60D10200E8A571 /* AppDelegate.swift in Sources */,
				664A96052B60D10200E8A571 /* SceneDelegate.swift in Sources */,
			);
			runOnlyForDeploymentPostprocessing = 0;
		};
/* End PBXSourcesBuildPhase section */

/* Begin PBXVariantGroup section */
		664A96082B60D10200E8A571 /* Main.storyboard */ = {
			isa = PBXVariantGroup;
			children = (
				664A96092B60D10200E8A571 /* Base */,
			);
			name = Main.storyboard;
			sourceTree = "<group>";
		};
		664A960D2B60D10200E8A571 /* LaunchScreen.storyboard */ = {
			isa = PBXVariantGroup;
			children = (
				664A960E2B60D10200E8A571 /* Base */,
			);
			name = LaunchScreen.storyboard;
			sourceTree = "<group>";
		};
/* End PBXVariantGroup section */

/* Begin XCBuildConfiguration section */
		664A96112B60D10200E8A571 /* Debug */ = {
			isa = XCBuildConfiguration;
			buildSettings = {
				ALWAYS_SEARCH_USER_PATHS = NO;
				CLANG_ANALYZER_NONNULL = YES;
				CLANG_ANALYZER_NUMBER_OBJECT_CONVERSION = YES_AGGRESSIVE;
				CLANG_CXX_LANGUAGE_STANDARD = "gnu++20";
				CLANG_ENABLE_MODULES = YES;
				CLANG_ENABLE_OBJC_ARC = YES;
				CLANG_ENABLE_OBJC_WEAK = YES;
				CLANG_WARN_BLOCK_CAPTURE_AUTORELEASING = YES;
				CLANG_WARN_BOOL_CONVERSION = YES;
				CLANG_WARN_COMMA = YES;
				CLANG_WARN_CONSTANT_CONVERSION = YES;
				CLANG_WARN_DEPRECATED_OBJC_IMPLEMENTATIONS = YES;
				CLANG_WARN_DIRECT_OBJC_ISA_USAGE = YES_ERROR;
				CLANG_WARN_DOCUMENTATION_COMMENTS = YES;
				CLANG_WARN_EMPTY_BODY = YES;
				CLANG_WARN_ENUM_CONVERSION = YES;
				CLANG_WARN_INFINITE_RECURSION = YES;
				CLANG_WARN_INT_CONVERSION = YES;
				CLANG_WARN_NON_LITERAL_NULL_CONVERSION = YES;
				CLANG_WARN_OBJC_IMPLICIT_RETAIN_SELF = YES;
				CLANG_WARN_OBJC_LITERAL_CONVERSION = YES;
				CLANG_WARN_OBJC_ROOT_CLASS = YES_ERROR;
				CLANG_WARN_QUOTED_INCLUDE_IN_FRAMEWORK_HEADER = YES;
				CLANG_WARN_RANGE_LOOP_ANALYSIS = YES;
				CLANG_WARN_STRICT_PROTOTYPES = YES;
				CLANG_WARN_SUSPICIOUS_MOVE = YES;
				CLANG_WARN_UNGUARDED_AVAILABILITY = YES_AGGRESSIVE;
				CLANG_WARN_UNREACHABLE_CODE = YES;
				CLANG_WARN__DUPLICATE_METHOD_MATCH = YES;
				COPY_PHASE_STRIP = NO;
				DEBUG_INFORMATION_FORMAT = dwarf;
				ENABLE_STRICT_OBJC_MSGSEND = YES;
				ENABLE_TESTABILITY = YES;
				GCC_C_LANGUAGE_STANDARD = gnu11;
				GCC_DYNAMIC_NO_PIC = NO;
				GCC_NO_COMMON_BLOCKS = YES;
				GCC_OPTIMIZATION_LEVEL = 0;
				GCC_PREPROCESSOR_DEFINITIONS = (
					"DEBUG=1",
					"$(inherited)",
				);
				GCC_WARN_64_TO_32_BIT_CONVERSION = YES;
				GCC_WARN_ABOUT_RETURN_TYPE = YES_ERROR;
				GCC_WARN_UNDECLARED_SELECTOR = YES;
				GCC_WARN_UNINITIALIZED_AUTOS = YES_AGGRESSIVE;
				GCC_WARN_UNUSED_FUNCTION = YES;
				GCC_WARN_UNUSED_VARIABLE = YES;
				IPHONEOS_DEPLOYMENT_TARGET = 16.4;
				MTL_ENABLE_DEBUG_INFO = INCLUDE_SOURCE;
				MTL_FAST_MATH = YES;
				ONLY_ACTIVE_ARCH = YES;
				SDKROOT = iphoneos;
				SWIFT_ACTIVE_COMPILATION_CONDITIONS = DEBUG;
				SWIFT_OPTIMIZATION_LEVEL = "-Onone";
			};
			name = Debug;
		};
		664A96122B60D10200E8A571 /* Release */ = {
			isa = XCBuildConfiguration;
			buildSettings = {
				ALWAYS_SEARCH_USER_PATHS = NO;
				CLANG_ANALYZER_NONNULL = YES;
				CLANG_ANALYZER_NUMBER_OBJECT_CONVERSION = YES_AGGRESSIVE;
				CLANG_CXX_LANGUAGE_STANDARD = "gnu++20";
				CLANG_ENABLE_MODULES = YES;
				CLANG_ENABLE_OBJC_ARC = YES;
				CLANG_ENABLE_OBJC_WEAK = YES;
				CLANG_WARN_BLOCK_CAPTURE_AUTORELEASING = YES;
				CLANG_WARN_BOOL_CONVERSION = YES;
				CLANG_WARN_COMMA = YES;
				CLANG_WARN_CONSTANT_CONVERSION = YES;
				CLANG_WARN_DEPRECATED_OBJC_IMPLEMENTATIONS = YES;
				CLANG_WARN_DIRECT_OBJC_ISA_USAGE = YES_ERROR;
				CLANG_WARN_DOCUMENTATION_COMMENTS = YES;
				CLANG_WARN_EMPTY_BODY = YES;
				CLANG_WARN_ENUM_CONVERSION = YES;
				CLANG_WARN_INFINITE_RECURSION = YES;
				CLANG_WARN_INT_CONVERSION = YES;
				CLANG_WARN_NON_LITERAL_NULL_CONVERSION = YES;
				CLANG_WARN_OBJC_IMPLICIT_RETAIN_SELF = YES;
				CLANG_WARN_OBJC_LITERAL_CONVERSION = YES;
				CLANG_WARN_OBJC_ROOT_CLASS = YES_ERROR;
				CLANG_WARN_QUOTED_INCLUDE_IN_FRAMEWORK_HEADER = YES;
				CLANG_WARN_RANGE_LOOP_ANALYSIS = YES;
				CLANG_WARN_STRICT_PROTOTYPES = YES;
				CLANG_WARN_SUSPICIOUS_MOVE = YES;
				CLANG_WARN_UNGUARDED_AVAILABILITY = YES_AGGRESSIVE;
				CLANG_WARN_UNREACHABLE_CODE = YES;
				CLANG_WARN__DUPLICATE_METHOD_MATCH = YES;
				COPY_PHASE_STRIP = NO;
				DEBUG_INFORMATION_FORMAT = "dwarf-with-dsym";
				ENABLE_NS_ASSERTIONS = NO;
				ENABLE_STRICT_OBJC_MSGSEND = YES;
				GCC_C_LANGUAGE_STANDARD = gnu11;
				GCC_NO_COMMON_BLOCKS = YES;
				GCC_WARN_64_TO_32_BIT_CONVERSION = YES;
				GCC_WARN_ABOUT_RETURN_TYPE = YES_ERROR;
				GCC_WARN_UNDECLARED_SELECTOR = YES;
				GCC_WARN_UNINITIALIZED_AUTOS = YES_AGGRESSIVE;
				GCC_WARN_UNUSED_FUNCTION = YES;
				GCC_WARN_UNUSED_VARIABLE = YES;
				IPHONEOS_DEPLOYMENT_TARGET = 16.4;
				MTL_ENABLE_DEBUG_INFO = NO;
				MTL_FAST_MATH = YES;
				SDKROOT = iphoneos;
				SWIFT_COMPILATION_MODE = wholemodule;
				SWIFT_OPTIMIZATION_LEVEL = "-O";
				VALIDATE_PRODUCT = YES;
			};
			name = Release;
		};
		664A96142B60D10200E8A571 /* Debug */ = {
			isa = XCBuildConfiguration;
			buildSettings = {
				ASSETCATALOG_COMPILER_APPICON_NAME = AppIcon;
				ASSETCATALOG_COMPILER_GLOBAL_ACCENT_COLOR_NAME = AccentColor;
				CODE_SIGN_STYLE = Automatic;
				CURRENT_PROJECT_VERSION = 1;
				GENERATE_INFOPLIST_FILE = YES;
				INFOPLIST_FILE = study_member_level_bar/Info.plist;
				INFOPLIST_KEY_UIApplicationSupportsIndirectInputEvents = YES;
				INFOPLIST_KEY_UILaunchStoryboardName = LaunchScreen;
				INFOPLIST_KEY_UIMainStoryboardFile = Main;
				INFOPLIST_KEY_UISupportedInterfaceOrientations_iPad = "UIInterfaceOrientationPortrait UIInterfaceOrientationPortraitUpsideDown UIInterfaceOrientationLandscapeLeft UIInterfaceOrientationLandscapeRight";
				INFOPLIST_KEY_UISupportedInterfaceOrientations_iPhone = "UIInterfaceOrientationPortrait UIInterfaceOrientationLandscapeLeft UIInterfaceOrientationLandscapeRight";
				LD_RUNPATH_SEARCH_PATHS = (
					"$(inherited)",
					"@executable_path/Frameworks",
				);
				MARKETING_VERSION = 1.0;
				PRODUCT_BUNDLE_IDENTIFIER = "wingchan.com.study-member-level-bar";
				PRODUCT_NAME = "$(TARGET_NAME)";
				SWIFT_EMIT_LOC_STRINGS = YES;
				SWIFT_VERSION = 5.0;
				TARGETED_DEVICE_FAMILY = "1,2";
			};
			name = Debug;
		};
		664A96152B60D10200E8A571 /* Release */ = {
			isa = XCBuildConfiguration;
			buildSettings = {
				ASSETCATALOG_COMPILER_APPICON_NAME = AppIcon;
				ASSETCATALOG_COMPILER_GLOBAL_ACCENT_COLOR_NAME = AccentColor;
				CODE_SIGN_STYLE = Automatic;
				CURRENT_PROJECT_VERSION = 1;
				GENERATE_INFOPLIST_FILE = YES;
				INFOPLIST_FILE = study_member_level_bar/Info.plist;
				INFOPLIST_KEY_UIApplicationSupportsIndirectInputEvents = YES;
				INFOPLIST_KEY_UILaunchStoryboardName = LaunchScreen;
				INFOPLIST_KEY_UIMainStoryboardFile = Main;
				INFOPLIST_KEY_UISupportedInterfaceOrientations_iPad = "UIInterfaceOrientationPortrait UIInterfaceOrientationPortraitUpsideDown UIInterfaceOrientationLandscapeLeft UIInterfaceOrientationLandscapeRight";
				INFOPLIST_KEY_UISupportedInterfaceOrientations_iPhone = "UIInterfaceOrientationPortrait UIInterfaceOrientationLandscapeLeft UIInterfaceOrientationLandscapeRight";
				LD_RUNPATH_SEARCH_PATHS = (
					"$(inherited)",
					"@executable_path/Frameworks",
				);
				MARKETING_VERSION = 1.0;
				PRODUCT_BUNDLE_IDENTIFIER = "wingchan.com.study-member-level-bar";
				PRODUCT_NAME = "$(TARGET_NAME)";
				SWIFT_EMIT_LOC_STRINGS = YES;
				SWIFT_VERSION = 5.0;
				TARGETED_DEVICE_FAMILY = "1,2";
			};
			name = Release;
		};
/* End XCBuildConfiguration section */

/* Begin XCConfigurationList section */
		664A95FA2B60D10200E8A571 /* Build configuration list for PBXProject "study_member_level_bar" */ = {
			isa = XCConfigurationList;
			buildConfigurations = (
				664A96112B60D10200E8A571 /* Debug */,
				664A96122B60D10200E8A571 /* Release */,
			);
			defaultConfigurationIsVisible = 0;
			defaultConfigurationName = Release;
		};
		664A96132B60D10200E8A571 /* Build configuration list for PBXNativeTarget "study_member_level_bar" */ = {
			isa = XCConfigurationList;
			buildConfigurations = (
				664A96142B60D10200E8A571 /* Debug */,
				664A96152B60D10200E8A571 /* Release */,
			);
			defaultConfigurationIsVisible = 0;
			defaultConfigurationName = Release;
		};
/* End XCConfigurationList section */

/* Begin XCRemoteSwiftPackageReference section */
		66AD55A22B60F5F6004AD26F /* XCRemoteSwiftPackageReference "TinyConstraints" */ = {
			isa = XCRemoteSwiftPackageReference;
			repositoryURL = "https://github.com/roberthein/TinyConstraints";
			requirement = {
				kind = upToNextMajorVersion;
				minimumVersion = 4.0.2;
			};
		};
/* End XCRemoteSwiftPackageReference section */

/* Begin XCSwiftPackageProductDependency section */
		66AD55A32B60F5F6004AD26F /* TinyConstraints */ = {
			isa = XCSwiftPackageProductDependency;
			package = 66AD55A22B60F5F6004AD26F /* XCRemoteSwiftPackageReference "TinyConstraints" */;
			productName = TinyConstraints;
		};
/* End XCSwiftPackageProductDependency section */
	};
	rootObject = 664A95F72B60D10200E8A571 /* Project object */;
}
