PODS:
  - Flutter (1.0.0)
  - integration_test (0.0.1):
    - Flutter
  - study_flutter_plugin_entry_point (0.0.1):
    - Flutter

DEPENDENCIES:
  - Flutter (from `Flutter`)
  - integration_test (from `.symlinks/plugins/integration_test/ios`)
  - study_flutter_plugin_entry_point (from `.symlinks/plugins/study_flutter_plugin_entry_point/ios`)

EXTERNAL SOURCES:
  Flutter:
    :path: Flutter
  integration_test:
    :path: ".symlinks/plugins/integration_test/ios"
  study_flutter_plugin_entry_point:
    :path: ".symlinks/plugins/study_flutter_plugin_entry_point/ios"

SPEC CHECKSUMS:
  Flutter: e0871f40cf51350855a761d2e70bf5af5b9b5de7
  integration_test: 13825b8a9334a850581300559b8839134b124670
  study_flutter_plugin_entry_point: d8c9989ae966b92016256d3c6b8b73c6b7273f12

PODFILE CHECKSUM: 819463e6a0290f5a72f145ba7cde16e8b6ef0796

COCOAPODS: 1.15.2
