// !$*UTF8*$!
{
	archiveVersion = 1;
	classes = {
	};
	objectVersion = 56;
	objects = {

/* Begin PBXBuildFile section */
		0E95F2EF2BE5FF4500E9FBD3 /* Assets.xcassets in Resources */ = {isa = PBXBuildFile; fileRef = 0E95F2EE2BE5FF4500E9FBD3 /* Assets.xcassets */; };
		0E95F2F22BE5FF4500E9FBD3 /* Preview Assets.xcassets in Resources */ = {isa = PBXBuildFile; fileRef = 0E95F2F12BE5FF4500E9FBD3 /* Preview Assets.xcassets */; };
		0E95F2FA2BE5FF6400E9FBD3 /* AppMain.swift in Sources */ = {isa = PBXBuildFile; fileRef = 0E95F2F92BE5FF6400E9FBD3 /* AppMain.swift */; };
		0E95F2FC2BE5FF8400E9FBD3 /* AppDelegate.swift in Sources */ = {isa = PBXBuildFile; fileRef = 0E95F2FB2BE5FF8400E9FBD3 /* AppDelegate.swift */; };
		0E95F2FE2BE5FFDB00E9FBD3 /* AppConstants.swift in Sources */ = {isa = PBXBuildFile; fileRef = 0E95F2FD2BE5FFDB00E9FBD3 /* AppConstants.swift */; };
		0E95F3012BE6105F00E9FBD3 /* ContentView.swift in Sources */ = {isa = PBXBuildFile; fileRef = 0E95F3002BE6105F00E9FBD3 /* ContentView.swift */; };
		0E95F3032BE610E700E9FBD3 /* RefreshTaskView.swift in Sources */ = {isa = PBXBuildFile; fileRef = 0E95F3022BE610E700E9FBD3 /* RefreshTaskView.swift */; };
		0E95F3052BE618A100E9FBD3 /* SupabaseManager.swift in Sources */ = {isa = PBXBuildFile; fileRef = 0E95F3042BE618A100E9FBD3 /* SupabaseManager.swift */; };
		0E95F3082BE618CB00E9FBD3 /* Auth in Frameworks */ = {isa = PBXBuildFile; productRef = 0E95F3072BE618CB00E9FBD3 /* Auth */; };
		0E95F30A2BE618CB00E9FBD3 /* PostgREST in Frameworks */ = {isa = PBXBuildFile; productRef = 0E95F3092BE618CB00E9FBD3 /* PostgREST */; };
		0E95F30C2BE618CB00E9FBD3 /* Realtime in Frameworks */ = {isa = PBXBuildFile; productRef = 0E95F30B2BE618CB00E9FBD3 /* Realtime */; };
		0E95F30E2BE618CB00E9FBD3 /* Supabase in Frameworks */ = {isa = PBXBuildFile; productRef = 0E95F30D2BE618CB00E9FBD3 /* Supabase */; };
		0E95F3102BE61D6400E9FBD3 /* AuthView.swift in Sources */ = {isa = PBXBuildFile; fileRef = 0E95F30F2BE61D6400E9FBD3 /* AuthView.swift */; };
		0E95F3132BE66B4700E9FBD3 /* HealthData.swift in Sources */ = {isa = PBXBuildFile; fileRef = 0E95F3122BE66B4700E9FBD3 /* HealthData.swift */; };
		0E95F3162BE66C3500E9FBD3 /* HealthKitSupport.swift in Sources */ = {isa = PBXBuildFile; fileRef = 0E95F3152BE66C3500E9FBD3 /* HealthKitSupport.swift */; };
		0E95F3182BE66F0900E9FBD3 /* HealthKitView.swift in Sources */ = {isa = PBXBuildFile; fileRef = 0E95F3172BE66F0900E9FBD3 /* HealthKitView.swift */; };
/* End PBXBuildFile section */

/* Begin PBXFileReference section */
		0E95F2E72BE5FF4400E9FBD3 /* study_background_modes.app */ = {isa = PBXFileReference; explicitFileType = wrapper.application; includeInIndex = 0; path = study_background_modes.app; sourceTree = BUILT_PRODUCTS_DIR; };
		0E95F2EE2BE5FF4500E9FBD3 /* Assets.xcassets */ = {isa = PBXFileReference; lastKnownFileType = folder.assetcatalog; path = Assets.xcassets; sourceTree = "<group>"; };
		0E95F2F12BE5FF4500E9FBD3 /* Preview Assets.xcassets */ = {isa = PBXFileReference; lastKnownFileType = folder.assetcatalog; path = "Preview Assets.xcassets"; sourceTree = "<group>"; };
		0E95F2F92BE5FF6400E9FBD3 /* AppMain.swift */ = {isa = PBXFileReference; lastKnownFileType = sourcecode.swift; path = AppMain.swift; sourceTree = "<group>"; };
		0E95F2FB2BE5FF8400E9FBD3 /* AppDelegate.swift */ = {isa = PBXFileReference; lastKnownFileType = sourcecode.swift; path = AppDelegate.swift; sourceTree = "<group>"; };
		0E95F2FD2BE5FFDB00E9FBD3 /* AppConstants.swift */ = {isa = PBXFileReference; lastKnownFileType = sourcecode.swift; path = AppConstants.swift; sourceTree = "<group>"; };
		0E95F3002BE6105F00E9FBD3 /* ContentView.swift */ = {isa = PBXFileReference; lastKnownFileType = sourcecode.swift; path = ContentView.swift; sourceTree = "<group>"; };
		0E95F3022BE610E700E9FBD3 /* RefreshTaskView.swift */ = {isa = PBXFileReference; lastKnownFileType = sourcecode.swift; path = RefreshTaskView.swift; sourceTree = "<group>"; };
		0E95F3042BE618A100E9FBD3 /* SupabaseManager.swift */ = {isa = PBXFileReference; lastKnownFileType = sourcecode.swift; path = SupabaseManager.swift; sourceTree = "<group>"; };
		0E95F30F2BE61D6400E9FBD3 /* AuthView.swift */ = {isa = PBXFileReference; lastKnownFileType = sourcecode.swift; path = AuthView.swift; sourceTree = "<group>"; };
		0E95F3112BE62D7A00E9FBD3 /* study-background-modes-Info.plist */ = {isa = PBXFileReference; lastKnownFileType = text.plist; path = "study-background-modes-Info.plist"; sourceTree = SOURCE_ROOT; };
		0E95F3122BE66B4700E9FBD3 /* HealthData.swift */ = {isa = PBXFileReference; lastKnownFileType = sourcecode.swift; path = HealthData.swift; sourceTree = "<group>"; };
		0E95F3152BE66C3500E9FBD3 /* HealthKitSupport.swift */ = {isa = PBXFileReference; lastKnownFileType = sourcecode.swift; path = HealthKitSupport.swift; sourceTree = "<group>"; };
		0E95F3172BE66F0900E9FBD3 /* HealthKitView.swift */ = {isa = PBXFileReference; lastKnownFileType = sourcecode.swift; path = HealthKitView.swift; sourceTree = "<group>"; };
		0EC661772BE679DD00D38B2D /* study_background_modes.entitlements */ = {isa = PBXFileReference; lastKnownFileType = text.plist.entitlements; path = study_background_modes.entitlements; sourceTree = "<group>"; };
/* End PBXFileReference section */

/* Begin PBXFrameworksBuildPhase section */
		0E95F2E42BE5FF4400E9FBD3 /* Frameworks */ = {
			isa = PBXFrameworksBuildPhase;
			buildActionMask = 2147483647;
			files = (
				0E95F30E2BE618CB00E9FBD3 /* Supabase in Frameworks */,
				0E95F30C2BE618CB00E9FBD3 /* Realtime in Frameworks */,
				0E95F30A2BE618CB00E9FBD3 /* PostgREST in Frameworks */,
				0E95F3082BE618CB00E9FBD3 /* Auth in Frameworks */,
			);
			runOnlyForDeploymentPostprocessing = 0;
		};
/* End PBXFrameworksBuildPhase section */

/* Begin PBXGroup section */
		0E95F2DE2BE5FF4400E9FBD3 = {
			isa = PBXGroup;
			children = (
				0E95F2E92BE5FF4400E9FBD3 /* study_background_modes */,
				0E95F2E82BE5FF4400E9FBD3 /* Products */,
			);
			sourceTree = "<group>";
		};
		0E95F2E82BE5FF4400E9FBD3 /* Products */ = {
			isa = PBXGroup;
			children = (
				0E95F2E72BE5FF4400E9FBD3 /* study_background_modes.app */,
			);
			name = Products;
			sourceTree = "<group>";
		};
		0E95F2E92BE5FF4400E9FBD3 /* study_background_modes */ = {
			isa = PBXGroup;
			children = (
				0EC661772BE679DD00D38B2D /* study_background_modes.entitlements */,
				0E95F3112BE62D7A00E9FBD3 /* study-background-modes-Info.plist */,
				0E95F3142BE66C2800E9FBD3 /* Utilities */,
				0E95F2F82BE5FF4E00E9FBD3 /* App */,
				0E95F2FF2BE6104400E9FBD3 /* Views */,
				0E95F2EE2BE5FF4500E9FBD3 /* Assets.xcassets */,
				0E95F2F02BE5FF4500E9FBD3 /* Preview Content */,
				0E95F3042BE618A100E9FBD3 /* SupabaseManager.swift */,
				0E95F3122BE66B4700E9FBD3 /* HealthData.swift */,
			);
			path = study_background_modes;
			sourceTree = "<group>";
		};
		0E95F2F02BE5FF4500E9FBD3 /* Preview Content */ = {
			isa = PBXGroup;
			children = (
				0E95F2F12BE5FF4500E9FBD3 /* Preview Assets.xcassets */,
			);
			path = "Preview Content";
			sourceTree = "<group>";
		};
		0E95F2F82BE5FF4E00E9FBD3 /* App */ = {
			isa = PBXGroup;
			children = (
				0E95F2F92BE5FF6400E9FBD3 /* AppMain.swift */,
				0E95F2FB2BE5FF8400E9FBD3 /* AppDelegate.swift */,
				0E95F2FD2BE5FFDB00E9FBD3 /* AppConstants.swift */,
			);
			path = App;
			sourceTree = "<group>";
		};
		0E95F2FF2BE6104400E9FBD3 /* Views */ = {
			isa = PBXGroup;
			children = (
				0E95F3002BE6105F00E9FBD3 /* ContentView.swift */,
				0E95F3022BE610E700E9FBD3 /* RefreshTaskView.swift */,
				0E95F30F2BE61D6400E9FBD3 /* AuthView.swift */,
				0E95F3172BE66F0900E9FBD3 /* HealthKitView.swift */,
			);
			path = Views;
			sourceTree = "<group>";
		};
		0E95F3142BE66C2800E9FBD3 /* Utilities */ = {
			isa = PBXGroup;
			children = (
				0E95F3152BE66C3500E9FBD3 /* HealthKitSupport.swift */,
			);
			path = Utilities;
			sourceTree = "<group>";
		};
/* End PBXGroup section */

/* Begin PBXNativeTarget section */
		0E95F2E62BE5FF4400E9FBD3 /* study_background_modes */ = {
			isa = PBXNativeTarget;
			buildConfigurationList = 0E95F2F52BE5FF4500E9FBD3 /* Build configuration list for PBXNativeTarget "study_background_modes" */;
			buildPhases = (
				0E95F2E32BE5FF4400E9FBD3 /* Sources */,
				0E95F2E42BE5FF4400E9FBD3 /* Frameworks */,
				0E95F2E52BE5FF4400E9FBD3 /* Resources */,
			);
			buildRules = (
			);
			dependencies = (
			);
			name = study_background_modes;
			packageProductDependencies = (
				0E95F3072BE618CB00E9FBD3 /* Auth */,
				0E95F3092BE618CB00E9FBD3 /* PostgREST */,
				0E95F30B2BE618CB00E9FBD3 /* Realtime */,
				0E95F30D2BE618CB00E9FBD3 /* Supabase */,
			);
			productName = study_background_modes;
			productReference = 0E95F2E72BE5FF4400E9FBD3 /* study_background_modes.app */;
			productType = "com.apple.product-type.application";
		};
/* End PBXNativeTarget section */

/* Begin PBXProject section */
		0E95F2DF2BE5FF4400E9FBD3 /* Project object */ = {
			isa = PBXProject;
			attributes = {
				BuildIndependentTargetsInParallel = 1;
				LastSwiftUpdateCheck = 1530;
				LastUpgradeCheck = 1530;
				TargetAttributes = {
					0E95F2E62BE5FF4400E9FBD3 = {
						CreatedOnToolsVersion = 15.3;
					};
				};
			};
			buildConfigurationList = 0E95F2E22BE5FF4400E9FBD3 /* Build configuration list for PBXProject "study_background_modes" */;
			compatibilityVersion = "Xcode 14.0";
			developmentRegion = en;
			hasScannedForEncodings = 0;
			knownRegions = (
				en,
				Base,
			);
			mainGroup = 0E95F2DE2BE5FF4400E9FBD3;
			packageReferences = (
				0E95F3062BE618CB00E9FBD3 /* XCRemoteSwiftPackageReference "supabase-swift" */,
			);
			productRefGroup = 0E95F2E82BE5FF4400E9FBD3 /* Products */;
			projectDirPath = "";
			projectRoot = "";
			targets = (
				0E95F2E62BE5FF4400E9FBD3 /* study_background_modes */,
			);
		};
/* End PBXProject section */

/* Begin PBXResourcesBuildPhase section */
		0E95F2E52BE5FF4400E9FBD3 /* Resources */ = {
			isa = PBXResourcesBuildPhase;
			buildActionMask = 2147483647;
			files = (
				0E95F2F22BE5FF4500E9FBD3 /* Preview Assets.xcassets in Resources */,
				0E95F2EF2BE5FF4500E9FBD3 /* Assets.xcassets in Resources */,
			);
			runOnlyForDeploymentPostprocessing = 0;
		};
/* End PBXResourcesBuildPhase section */

/* Begin PBXSourcesBuildPhase section */
		0E95F2E32BE5FF4400E9FBD3 /* Sources */ = {
			isa = PBXSourcesBuildPhase;
			buildActionMask = 2147483647;
			files = (
				0E95F3102BE61D6400E9FBD3 /* AuthView.swift in Sources */,
				0E95F2FC2BE5FF8400E9FBD3 /* AppDelegate.swift in Sources */,
				0E95F3032BE610E700E9FBD3 /* RefreshTaskView.swift in Sources */,
				0E95F3162BE66C3500E9FBD3 /* HealthKitSupport.swift in Sources */,
				0E95F3132BE66B4700E9FBD3 /* HealthData.swift in Sources */,
				0E95F3012BE6105F00E9FBD3 /* ContentView.swift in Sources */,
				0E95F3052BE618A100E9FBD3 /* SupabaseManager.swift in Sources */,
				0E95F3182BE66F0900E9FBD3 /* HealthKitView.swift in Sources */,
				0E95F2FA2BE5FF6400E9FBD3 /* AppMain.swift in Sources */,
				0E95F2FE2BE5FFDB00E9FBD3 /* AppConstants.swift in Sources */,
			);
			runOnlyForDeploymentPostprocessing = 0;
		};
/* End PBXSourcesBuildPhase section */

/* Begin XCBuildConfiguration section */
		0E95F2F32BE5FF4500E9FBD3 /* Debug */ = {
			isa = XCBuildConfiguration;
			buildSettings = {
				ALWAYS_SEARCH_USER_PATHS = NO;
				ASSETCATALOG_COMPILER_GENERATE_SWIFT_ASSET_SYMBOL_EXTENSIONS = YES;
				CLANG_ANALYZER_NONNULL = YES;
				CLANG_ANALYZER_NUMBER_OBJECT_CONVERSION = YES_AGGRESSIVE;
				CLANG_CXX_LANGUAGE_STANDARD = "gnu++20";
				CLANG_ENABLE_MODULES = YES;
				CLANG_ENABLE_OBJC_ARC = YES;
				CLANG_ENABLE_OBJC_WEAK = YES;
				CLANG_WARN_BLOCK_CAPTURE_AUTORELEASING = YES;
				CLANG_WARN_BOOL_CONVERSION = YES;
				CLANG_WARN_COMMA = YES;
				CLANG_WARN_CONSTANT_CONVERSION = YES;
				CLANG_WARN_DEPRECATED_OBJC_IMPLEMENTATIONS = YES;
				CLANG_WARN_DIRECT_OBJC_ISA_USAGE = YES_ERROR;
				CLANG_WARN_DOCUMENTATION_COMMENTS = YES;
				CLANG_WARN_EMPTY_BODY = YES;
				CLANG_WARN_ENUM_CONVERSION = YES;
				CLANG_WARN_INFINITE_RECURSION = YES;
				CLANG_WARN_INT_CONVERSION = YES;
				CLANG_WARN_NON_LITERAL_NULL_CONVERSION = YES;
				CLANG_WARN_OBJC_IMPLICIT_RETAIN_SELF = YES;
				CLANG_WARN_OBJC_LITERAL_CONVERSION = YES;
				CLANG_WARN_OBJC_ROOT_CLASS = YES_ERROR;
				CLANG_WARN_QUOTED_INCLUDE_IN_FRAMEWORK_HEADER = YES;
				CLANG_WARN_RANGE_LOOP_ANALYSIS = YES;
				CLANG_WARN_STRICT_PROTOTYPES = YES;
				CLANG_WARN_SUSPICIOUS_MOVE = YES;
				CLANG_WARN_UNGUARDED_AVAILABILITY = YES_AGGRESSIVE;
				CLANG_WARN_UNREACHABLE_CODE = YES;
				CLANG_WARN__DUPLICATE_METHOD_MATCH = YES;
				COPY_PHASE_STRIP = NO;
				DEBUG_INFORMATION_FORMAT = dwarf;
				ENABLE_STRICT_OBJC_MSGSEND = YES;
				ENABLE_TESTABILITY = YES;
				ENABLE_USER_SCRIPT_SANDBOXING = YES;
				GCC_C_LANGUAGE_STANDARD = gnu17;
				GCC_DYNAMIC_NO_PIC = NO;
				GCC_NO_COMMON_BLOCKS = YES;
				GCC_OPTIMIZATION_LEVEL = 0;
				GCC_PREPROCESSOR_DEFINITIONS = (
					"DEBUG=1",
					"$(inherited)",
				);
				GCC_WARN_64_TO_32_BIT_CONVERSION = YES;
				GCC_WARN_ABOUT_RETURN_TYPE = YES_ERROR;
				GCC_WARN_UNDECLARED_SELECTOR = YES;
				GCC_WARN_UNINITIALIZED_AUTOS = YES_AGGRESSIVE;
				GCC_WARN_UNUSED_FUNCTION = YES;
				GCC_WARN_UNUSED_VARIABLE = YES;
				IPHONEOS_DEPLOYMENT_TARGET = 15;
				LOCALIZATION_PREFERS_STRING_CATALOGS = YES;
				MTL_ENABLE_DEBUG_INFO = INCLUDE_SOURCE;
				MTL_FAST_MATH = YES;
				ONLY_ACTIVE_ARCH = YES;
				SDKROOT = iphoneos;
				SWIFT_ACTIVE_COMPILATION_CONDITIONS = "DEBUG $(inherited)";
				SWIFT_OPTIMIZATION_LEVEL = "-Onone";
			};
			name = Debug;
		};
		0E95F2F42BE5FF4500E9FBD3 /* Release */ = {
			isa = XCBuildConfiguration;
			buildSettings = {
				ALWAYS_SEARCH_USER_PATHS = NO;
				ASSETCATALOG_COMPILER_GENERATE_SWIFT_ASSET_SYMBOL_EXTENSIONS = YES;
				CLANG_ANALYZER_NONNULL = YES;
				CLANG_ANALYZER_NUMBER_OBJECT_CONVERSION = YES_AGGRESSIVE;
				CLANG_CXX_LANGUAGE_STANDARD = "gnu++20";
				CLANG_ENABLE_MODULES = YES;
				CLANG_ENABLE_OBJC_ARC = YES;
				CLANG_ENABLE_OBJC_WEAK = YES;
				CLANG_WARN_BLOCK_CAPTURE_AUTORELEASING = YES;
				CLANG_WARN_BOOL_CONVERSION = YES;
				CLANG_WARN_COMMA = YES;
				CLANG_WARN_CONSTANT_CONVERSION = YES;
				CLANG_WARN_DEPRECATED_OBJC_IMPLEMENTATIONS = YES;
				CLANG_WARN_DIRECT_OBJC_ISA_USAGE = YES_ERROR;
				CLANG_WARN_DOCUMENTATION_COMMENTS = YES;
				CLANG_WARN_EMPTY_BODY = YES;
				CLANG_WARN_ENUM_CONVERSION = YES;
				CLANG_WARN_INFINITE_RECURSION = YES;
				CLANG_WARN_INT_CONVERSION = YES;
				CLANG_WARN_NON_LITERAL_NULL_CONVERSION = YES;
				CLANG_WARN_OBJC_IMPLICIT_RETAIN_SELF = YES;
				CLANG_WARN_OBJC_LITERAL_CONVERSION = YES;
				CLANG_WARN_OBJC_ROOT_CLASS = YES_ERROR;
				CLANG_WARN_QUOTED_INCLUDE_IN_FRAMEWORK_HEADER = YES;
				CLANG_WARN_RANGE_LOOP_ANALYSIS = YES;
				CLANG_WARN_STRICT_PROTOTYPES = YES;
				CLANG_WARN_SUSPICIOUS_MOVE = YES;
				CLANG_WARN_UNGUARDED_AVAILABILITY = YES_AGGRESSIVE;
				CLANG_WARN_UNREACHABLE_CODE = YES;
				CLANG_WARN__DUPLICATE_METHOD_MATCH = YES;
				COPY_PHASE_STRIP = NO;
				DEBUG_INFORMATION_FORMAT = "dwarf-with-dsym";
				ENABLE_NS_ASSERTIONS = NO;
				ENABLE_STRICT_OBJC_MSGSEND = YES;
				ENABLE_USER_SCRIPT_SANDBOXING = YES;
				GCC_C_LANGUAGE_STANDARD = gnu17;
				GCC_NO_COMMON_BLOCKS = YES;
				GCC_WARN_64_TO_32_BIT_CONVERSION = YES;
				GCC_WARN_ABOUT_RETURN_TYPE = YES_ERROR;
				GCC_WARN_UNDECLARED_SELECTOR = YES;
				GCC_WARN_UNINITIALIZED_AUTOS = YES_AGGRESSIVE;
				GCC_WARN_UNUSED_FUNCTION = YES;
				GCC_WARN_UNUSED_VARIABLE = YES;
				IPHONEOS_DEPLOYMENT_TARGET = 15;
				LOCALIZATION_PREFERS_STRING_CATALOGS = YES;
				MTL_ENABLE_DEBUG_INFO = NO;
				MTL_FAST_MATH = YES;
				SDKROOT = iphoneos;
				SWIFT_COMPILATION_MODE = wholemodule;
				VALIDATE_PRODUCT = YES;
			};
			name = Release;
		};
		0E95F2F62BE5FF4500E9FBD3 /* Debug */ = {
			isa = XCBuildConfiguration;
			buildSettings = {
				ASSETCATALOG_COMPILER_APPICON_NAME = AppIcon;
				ASSETCATALOG_COMPILER_GLOBAL_ACCENT_COLOR_NAME = AccentColor;
				CODE_SIGN_ENTITLEMENTS = study_background_modes/study_background_modes.entitlements;
				CODE_SIGN_STYLE = Automatic;
				CURRENT_PROJECT_VERSION = 1;
				DEVELOPMENT_ASSET_PATHS = "\"study_background_modes/Preview Content\"";
				DEVELOPMENT_TEAM = AL869FRMV6;
				ENABLE_PREVIEWS = YES;
				GENERATE_INFOPLIST_FILE = YES;
				INFOPLIST_FILE = "study-background-modes-Info.plist";
				INFOPLIST_KEY_CFBundleDisplayName = "";
				INFOPLIST_KEY_LSApplicationCategoryType = "";
				INFOPLIST_KEY_NSHealthShareUsageDescription = "TBC Health Share Usage Description";
				INFOPLIST_KEY_NSHealthUpdateUsageDescription = "TBC Health Update Usage Description";
				INFOPLIST_KEY_UIApplicationSceneManifest_Generation = YES;
				INFOPLIST_KEY_UIApplicationSupportsIndirectInputEvents = YES;
				INFOPLIST_KEY_UILaunchScreen_Generation = YES;
				INFOPLIST_KEY_UISupportedInterfaceOrientations_iPad = "UIInterfaceOrientationPortrait UIInterfaceOrientationPortraitUpsideDown UIInterfaceOrientationLandscapeLeft UIInterfaceOrientationLandscapeRight";
				INFOPLIST_KEY_UISupportedInterfaceOrientations_iPhone = "UIInterfaceOrientationPortrait UIInterfaceOrientationLandscapeLeft UIInterfaceOrientationLandscapeRight";
				LD_RUNPATH_SEARCH_PATHS = (
					"$(inherited)",
					"@executable_path/Frameworks",
				);
				MARKETING_VERSION = 1.0;
				PRODUCT_BUNDLE_IDENTIFIER = "com.wingch.study-background-modes";
				PRODUCT_NAME = "$(TARGET_NAME)";
				SWIFT_EMIT_LOC_STRINGS = YES;
				SWIFT_VERSION = 5.0;
				TARGETED_DEVICE_FAMILY = "1,2";
			};
			name = Debug;
		};
		0E95F2F72BE5FF4500E9FBD3 /* Release */ = {
			isa = XCBuildConfiguration;
			buildSettings = {
				ASSETCATALOG_COMPILER_APPICON_NAME = AppIcon;
				ASSETCATALOG_COMPILER_GLOBAL_ACCENT_COLOR_NAME = AccentColor;
				CODE_SIGN_ENTITLEMENTS = study_background_modes/study_background_modes.entitlements;
				CODE_SIGN_STYLE = Automatic;
				CURRENT_PROJECT_VERSION = 1;
				DEVELOPMENT_ASSET_PATHS = "\"study_background_modes/Preview Content\"";
				DEVELOPMENT_TEAM = AL869FRMV6;
				ENABLE_PREVIEWS = YES;
				GENERATE_INFOPLIST_FILE = YES;
				INFOPLIST_FILE = "study-background-modes-Info.plist";
				INFOPLIST_KEY_CFBundleDisplayName = "";
				INFOPLIST_KEY_LSApplicationCategoryType = "";
				INFOPLIST_KEY_NSHealthShareUsageDescription = "TBC Health Share Usage Description";
				INFOPLIST_KEY_NSHealthUpdateUsageDescription = "TBC Health Update Usage Description";
				INFOPLIST_KEY_UIApplicationSceneManifest_Generation = YES;
				INFOPLIST_KEY_UIApplicationSupportsIndirectInputEvents = YES;
				INFOPLIST_KEY_UILaunchScreen_Generation = YES;
				INFOPLIST_KEY_UISupportedInterfaceOrientations_iPad = "UIInterfaceOrientationPortrait UIInterfaceOrientationPortraitUpsideDown UIInterfaceOrientationLandscapeLeft UIInterfaceOrientationLandscapeRight";
				INFOPLIST_KEY_UISupportedInterfaceOrientations_iPhone = "UIInterfaceOrientationPortrait UIInterfaceOrientationLandscapeLeft UIInterfaceOrientationLandscapeRight";
				LD_RUNPATH_SEARCH_PATHS = (
					"$(inherited)",
					"@executable_path/Frameworks",
				);
				MARKETING_VERSION = 1.0;
				PRODUCT_BUNDLE_IDENTIFIER = "com.wingch.study-background-modes";
				PRODUCT_NAME = "$(TARGET_NAME)";
				SWIFT_EMIT_LOC_STRINGS = YES;
				SWIFT_VERSION = 5.0;
				TARGETED_DEVICE_FAMILY = "1,2";
			};
			name = Release;
		};
/* End XCBuildConfiguration section */

/* Begin XCConfigurationList section */
		0E95F2E22BE5FF4400E9FBD3 /* Build configuration list for PBXProject "study_background_modes" */ = {
			isa = XCConfigurationList;
			buildConfigurations = (
				0E95F2F32BE5FF4500E9FBD3 /* Debug */,
				0E95F2F42BE5FF4500E9FBD3 /* Release */,
			);
			defaultConfigurationIsVisible = 0;
			defaultConfigurationName = Release;
		};
		0E95F2F52BE5FF4500E9FBD3 /* Build configuration list for PBXNativeTarget "study_background_modes" */ = {
			isa = XCConfigurationList;
			buildConfigurations = (
				0E95F2F62BE5FF4500E9FBD3 /* Debug */,
				0E95F2F72BE5FF4500E9FBD3 /* Release */,
			);
			defaultConfigurationIsVisible = 0;
			defaultConfigurationName = Release;
		};
/* End XCConfigurationList section */

/* Begin XCRemoteSwiftPackageReference section */
		0E95F3062BE618CB00E9FBD3 /* XCRemoteSwiftPackageReference "supabase-swift" */ = {
			isa = XCRemoteSwiftPackageReference;
			repositoryURL = "https://github.com/supabase/supabase-swift.git";
			requirement = {
				kind = upToNextMajorVersion;
				minimumVersion = 2.5.1;
			};
		};
/* End XCRemoteSwiftPackageReference section */

/* Begin XCSwiftPackageProductDependency section */
		0E95F3072BE618CB00E9FBD3 /* Auth */ = {
			isa = XCSwiftPackageProductDependency;
			package = 0E95F3062BE618CB00E9FBD3 /* XCRemoteSwiftPackageReference "supabase-swift" */;
			productName = Auth;
		};
		0E95F3092BE618CB00E9FBD3 /* PostgREST */ = {
			isa = XCSwiftPackageProductDependency;
			package = 0E95F3062BE618CB00E9FBD3 /* XCRemoteSwiftPackageReference "supabase-swift" */;
			productName = PostgREST;
		};
		0E95F30B2BE618CB00E9FBD3 /* Realtime */ = {
			isa = XCSwiftPackageProductDependency;
			package = 0E95F3062BE618CB00E9FBD3 /* XCRemoteSwiftPackageReference "supabase-swift" */;
			productName = Realtime;
		};
		0E95F30D2BE618CB00E9FBD3 /* Supabase */ = {
			isa = XCSwiftPackageProductDependency;
			package = 0E95F3062BE618CB00E9FBD3 /* XCRemoteSwiftPackageReference "supabase-swift" */;
			productName = Supabase;
		};
/* End XCSwiftPackageProductDependency section */
	};
	rootObject = 0E95F2DF2BE5FF4400E9FBD3 /* Project object */;
}
