// !$*UTF8*$!
{
	archiveVersion = 1;
	classes = {
	};
	objectVersion = 77;
	objects = {

/* Begin PBXContainerItemProxy section */
		666DBC402F0F061100826D81 /* PBXContainerItemProxy */ = {
			isa = PBXContainerItemProxy;
			containerPortal = 666DBC212F0F061000826D81 /* Project object */;
			proxyType = 1;
			remoteGlobalIDString = 666DBC282F0F061000826D81;
			remoteInfo = study_pip_lifecycle;
		};
		666DBC4A2F0F061100826D81 /* PBXContainerItemProxy */ = {
			isa = PBXContainerItemProxy;
			containerPortal = 666DBC212F0F061000826D81 /* Project object */;
			proxyType = 1;
			remoteGlobalIDString = 666DBC282F0F061000826D81;
			remoteInfo = study_pip_lifecycle;
		};
/* End PBXContainerItemProxy section */

/* Begin PBXFileReference section */
		666DBC292F0F061000826D81 /* study_pip_lifecycle.app */ = {isa = PBXFileReference; explicitFileType = wrapper.application; includeInIndex = 0; path = study_pip_lifecycle.app; sourceTree = BUILT_PRODUCTS_DIR; };
		666DBC3F2F0F061100826D81 /* study_pip_lifecycleTests.xctest */ = {isa = PBXFileReference; explicitFileType = wrapper.cfbundle; includeInIndex = 0; path = study_pip_lifecycleTests.xctest; sourceTree = BUILT_PRODUCTS_DIR; };
		666DBC492F0F061100826D81 /* study_pip_lifecycleUITests.xctest */ = {isa = PBXFileReference; explicitFileType = wrapper.cfbundle; includeInIndex = 0; path = study_pip_lifecycleUITests.xctest; sourceTree = BUILT_PRODUCTS_DIR; };
/* End PBXFileReference section */

/* Begin PBXFileSystemSynchronizedBuildFileExceptionSet section */
		666DBC512F0F061100826D81 /* Exceptions for "study_pip_lifecycle" folder in "study_pip_lifecycle" target */ = {
			isa = PBXFileSystemSynchronizedBuildFileExceptionSet;
			membershipExceptions = (
				Info.plist,
			);
			target = 666DBC282F0F061000826D81 /* study_pip_lifecycle */;
		};
/* End PBXFileSystemSynchronizedBuildFileExceptionSet section */

/* Begin PBXFileSystemSynchronizedRootGroup section */
		666DBC2B2F0F061000826D81 /* study_pip_lifecycle */ = {
			isa = PBXFileSystemSynchronizedRootGroup;
			exceptions = (
				666DBC512F0F061100826D81 /* Exceptions for "study_pip_lifecycle" folder in "study_pip_lifecycle" target */,
			);
			path = study_pip_lifecycle;
			sourceTree = "<group>";
		};
		666DBC422F0F061100826D81 /* study_pip_lifecycleTests */ = {
			isa = PBXFileSystemSynchronizedRootGroup;
			path = study_pip_lifecycleTests;
			sourceTree = "<group>";
		};
		666DBC4C2F0F061100826D81 /* study_pip_lifecycleUITests */ = {
			isa = PBXFileSystemSynchronizedRootGroup;
			path = study_pip_lifecycleUITests;
			sourceTree = "<group>";
		};
/* End PBXFileSystemSynchronizedRootGroup section */

/* Begin PBXFrameworksBuildPhase section */
		666DBC262F0F061000826D81 /* Frameworks */ = {
			isa = PBXFrameworksBuildPhase;
			buildActionMask = 2147483647;
			files = (
			);
			runOnlyForDeploymentPostprocessing = 0;
		};
		666DBC3C2F0F061100826D81 /* Frameworks */ = {
			isa = PBXFrameworksBuildPhase;
			buildActionMask = 2147483647;
			files = (
			);
			runOnlyForDeploymentPostprocessing = 0;
		};
		666DBC462F0F061100826D81 /* Frameworks */ = {
			isa = PBXFrameworksBuildPhase;
			buildActionMask = 2147483647;
			files = (
			);
			runOnlyForDeploymentPostprocessing = 0;
		};
/* End PBXFrameworksBuildPhase section */

/* Begin PBXGroup section */
		666DBC202F0F061000826D81 = {
			isa = PBXGroup;
			children = (
				666DBC2B2F0F061000826D81 /* study_pip_lifecycle */,
				666DBC422F0F061100826D81 /* study_pip_lifecycleTests */,
				666DBC4C2F0F061100826D81 /* study_pip_lifecycleUITests */,
				666DBC2A2F0F061000826D81 /* Products */,
			);
			sourceTree = "<group>";
		};
		666DBC2A2F0F061000826D81 /* Products */ = {
			isa = PBXGroup;
			children = (
				666DBC292F0F061000826D81 /* study_pip_lifecycle.app */,
				666DBC3F2F0F061100826D81 /* study_pip_lifecycleTests.xctest */,
				666DBC492F0F061100826D81 /* study_pip_lifecycleUITests.xctest */,
			);
			name = Products;
			sourceTree = "<group>";
		};
/* End PBXGroup section */

/* Begin PBXNativeTarget section */
		666DBC282F0F061000826D81 /* study_pip_lifecycle */ = {
			isa = PBXNativeTarget;
			buildConfigurationList = 666DBC522F0F061100826D81 /* Build configuration list for PBXNativeTarget "study_pip_lifecycle" */;
			buildPhases = (
				666DBC252F0F061000826D81 /* Sources */,
				666DBC262F0F061000826D81 /* Frameworks */,
				666DBC272F0F061000826D81 /* Resources */,
			);
			buildRules = (
			);
			dependencies = (
			);
			fileSystemSynchronizedGroups = (
				666DBC2B2F0F061000826D81 /* study_pip_lifecycle */,
			);
			name = study_pip_lifecycle;
			packageProductDependencies = (
			);
			productName = study_pip_lifecycle;
			productReference = 666DBC292F0F061000826D81 /* study_pip_lifecycle.app */;
			productType = "com.apple.product-type.application";
		};
		666DBC3E2F0F061100826D81 /* study_pip_lifecycleTests */ = {
			isa = PBXNativeTarget;
			buildConfigurationList = 666DBC572F0F061100826D81 /* Build configuration list for PBXNativeTarget "study_pip_lifecycleTests" */;
			buildPhases = (
				666DBC3B2F0F061100826D81 /* Sources */,
				666DBC3C2F0F061100826D81 /* Frameworks */,
				666DBC3D2F0F061100826D81 /* Resources */,
			);
			buildRules = (
			);
			dependencies = (
				666DBC412F0F061100826D81 /* PBXTargetDependency */,
			);
			fileSystemSynchronizedGroups = (
				666DBC422F0F061100826D81 /* study_pip_lifecycleTests */,
			);
			name = study_pip_lifecycleTests;
			packageProductDependencies = (
			);
			productName = study_pip_lifecycleTests;
			productReference = 666DBC3F2F0F061100826D81 /* study_pip_lifecycleTests.xctest */;
			productType = "com.apple.product-type.bundle.unit-test";
		};
		666DBC482F0F061100826D81 /* study_pip_lifecycleUITests */ = {
			isa = PBXNativeTarget;
			buildConfigurationList = 666DBC5A2F0F061100826D81 /* Build configuration list for PBXNativeTarget "study_pip_lifecycleUITests" */;
			buildPhases = (
				666DBC452F0F061100826D81 /* Sources */,
				666DBC462F0F061100826D81 /* Frameworks */,
				666DBC472F0F061100826D81 /* Resources */,
			);
			buildRules = (
			);
			dependencies = (
				666DBC4B2F0F061100826D81 /* PBXTargetDependency */,
			);
			fileSystemSynchronizedGroups = (
				666DBC4C2F0F061100826D81 /* study_pip_lifecycleUITests */,
			);
			name = study_pip_lifecycleUITests;
			packageProductDependencies = (
			);
			productName = study_pip_lifecycleUITests;
			productReference = 666DBC492F0F061100826D81 /* study_pip_lifecycleUITests.xctest */;
			productType = "com.apple.product-type.bundle.ui-testing";
		};
/* End PBXNativeTarget section */

/* Begin PBXProject section */
		666DBC212F0F061000826D81 /* Project object */ = {
			isa = PBXProject;
			attributes = {
				BuildIndependentTargetsInParallel = 1;
				LastSwiftUpdateCheck = 2610;
				LastUpgradeCheck = 2610;
				TargetAttributes = {
					666DBC282F0F061000826D81 = {
						CreatedOnToolsVersion = 26.1.1;
					};
					666DBC3E2F0F061100826D81 = {
						CreatedOnToolsVersion = 26.1.1;
						TestTargetID = 666DBC282F0F061000826D81;
					};
					666DBC482F0F061100826D81 = {
						CreatedOnToolsVersion = 26.1.1;
						TestTargetID = 666DBC282F0F061000826D81;
					};
				};
			};
			buildConfigurationList = 666DBC242F0F061000826D81 /* Build configuration list for PBXProject "study_pip_lifecycle" */;
			developmentRegion = en;
			hasScannedForEncodings = 0;
			knownRegions = (
				en,
				Base,
			);
			mainGroup = 666DBC202F0F061000826D81;
			minimizedProjectReferenceProxies = 1;
			preferredProjectObjectVersion = 77;
			productRefGroup = 666DBC2A2F0F061000826D81 /* Products */;
			projectDirPath = "";
			projectRoot = "";
			targets = (
				666DBC282F0F061000826D81 /* study_pip_lifecycle */,
				666DBC3E2F0F061100826D81 /* study_pip_lifecycleTests */,
				666DBC482F0F061100826D81 /* study_pip_lifecycleUITests */,
			);
		};
/* End PBXProject section */

/* Begin PBXResourcesBuildPhase section */
		666DBC272F0F061000826D81 /* Resources */ = {
			isa = PBXResourcesBuildPhase;
			buildActionMask = 2147483647;
			files = (
			);
			runOnlyForDeploymentPostprocessing = 0;
		};
		666DBC3D2F0F061100826D81 /* Resources */ = {
			isa = PBXResourcesBuildPhase;
			buildActionMask = 2147483647;
			files = (
			);
			runOnlyForDeploymentPostprocessing = 0;
		};
		666DBC472F0F061100826D81 /* Resources */ = {
			isa = PBXResourcesBuildPhase;
			buildActionMask = 2147483647;
			files = (
			);
			runOnlyForDeploymentPostprocessing = 0;
		};
/* End PBXResourcesBuildPhase section */

/* Begin PBXSourcesBuildPhase section */
		666DBC252F0F061000826D81 /* Sources */ = {
			isa = PBXSourcesBuildPhase;
			buildActionMask = 2147483647;
			files = (
			);
			runOnlyForDeploymentPostprocessing = 0;
		};
		666DBC3B2F0F061100826D81 /* Sources */ = {
			isa = PBXSourcesBuildPhase;
			buildActionMask = 2147483647;
			files = (
			);
			runOnlyForDeploymentPostprocessing = 0;
		};
		666DBC452F0F061100826D81 /* Sources */ = {
			isa = PBXSourcesBuildPhase;
			buildActionMask = 2147483647;
			files = (
			);
			runOnlyForDeploymentPostprocessing = 0;
		};
/* End PBXSourcesBuildPhase section */

/* Begin PBXTargetDependency section */
		666DBC412F0F061100826D81 /* PBXTargetDependency */ = {
			isa = PBXTargetDependency;
			target = 666DBC282F0F061000826D81 /* study_pip_lifecycle */;
			targetProxy = 666DBC402F0F061100826D81 /* PBXContainerItemProxy */;
		};
		666DBC4B2F0F061100826D81 /* PBXTargetDependency */ = {
			isa = PBXTargetDependency;
			target = 666DBC282F0F061000826D81 /* study_pip_lifecycle */;
			targetProxy = 666DBC4A2F0F061100826D81 /* PBXContainerItemProxy */;
		};
/* End PBXTargetDependency section */

/* Begin XCBuildConfiguration section */
		666DBC532F0F061100826D81 /* Debug */ = {
			isa = XCBuildConfiguration;
			buildSettings = {
				ASSETCATALOG_COMPILER_APPICON_NAME = AppIcon;
				ASSETCATALOG_COMPILER_GLOBAL_ACCENT_COLOR_NAME = AccentColor;
				CODE_SIGN_STYLE = Automatic;
				CURRENT_PROJECT_VERSION = 1;
				DEVELOPMENT_TEAM = W4PLM233U2;
				GENERATE_INFOPLIST_FILE = YES;
				INFOPLIST_FILE = study_pip_lifecycle/Info.plist;
				INFOPLIST_KEY_UIApplicationSupportsIndirectInputEvents = YES;
				INFOPLIST_KEY_UILaunchStoryboardName = LaunchScreen;
				INFOPLIST_KEY_UIMainStoryboardFile = Main;
				INFOPLIST_KEY_UISupportedInterfaceOrientations_iPad = "UIInterfaceOrientationPortrait UIInterfaceOrientationPortraitUpsideDown UIInterfaceOrientationLandscapeLeft UIInterfaceOrientationLandscapeRight";
				INFOPLIST_KEY_UISupportedInterfaceOrientations_iPhone = "UIInterfaceOrientationPortrait UIInterfaceOrientationLandscapeLeft UIInterfaceOrientationLandscapeRight";
				LD_RUNPATH_SEARCH_PATHS = (
					"$(inherited)",
					"@executable_path/Frameworks",
				);
				MARKETING_VERSION = 1.0;
				PRODUCT_BUNDLE_IDENTIFIER = "com.wingch.study-pip-lifecycle";
				PRODUCT_NAME = "$(TARGET_NAME)";
				STRING_CATALOG_GENERATE_SYMBOLS = YES;
				SWIFT_APPROACHABLE_CONCURRENCY = YES;
				SWIFT_DEFAULT_ACTOR_ISOLATION = MainActor;
				SWIFT_EMIT_LOC_STRINGS = YES;
				SWIFT_UPCOMING_FEATURE_MEMBER_IMPORT_VISIBILITY = YES;
				SWIFT_VERSION = 5.0;
				TARGETED_DEVICE_FAMILY = "1,2";
			};
			name = Debug;
		};
		666DBC542F0F061100826D81 /* Release */ = {
			isa = XCBuildConfiguration;
			buildSettings = {
				ASSETCATALOG_COMPILER_APPICON_NAME = AppIcon;
				ASSETCATALOG_COMPILER_GLOBAL_ACCENT_COLOR_NAME = AccentColor;
				CODE_SIGN_STYLE = Automatic;
				CURRENT_PROJECT_VERSION = 1;
				DEVELOPMENT_TEAM = W4PLM233U2;
				GENERATE_INFOPLIST_FILE = YES;
				INFOPLIST_FILE = study_pip_lifecycle/Info.plist;
				INFOPLIST_KEY_UIApplicationSupportsIndirectInputEvents = YES;
				INFOPLIST_KEY_UILaunchStoryboardName = LaunchScreen;
				INFOPLIST_KEY_UIMainStoryboardFile = Main;
				INFOPLIST_KEY_UISupportedInterfaceOrientations_iPad = "UIInterfaceOrientationPortrait UIInterfaceOrientationPortraitUpsideDown UIInterfaceOrientationLandscapeLeft UIInterfaceOrientationLandscapeRight";
				INFOPLIST_KEY_UISupportedInterfaceOrientations_iPhone = "UIInterfaceOrientationPortrait UIInterfaceOrientationLandscapeLeft UIInterfaceOrientationLandscapeRight";
				LD_RUNPATH_SEARCH_PATHS = (
					"$(inherited)",
					"@executable_path/Frameworks",
				);
				MARKETING_VERSION = 1.0;
				PRODUCT_BUNDLE_IDENTIFIER = "com.wingch.study-pip-lifecycle";
				PRODUCT_NAME = "$(TARGET_NAME)";
				STRING_CATALOG_GENERATE_SYMBOLS = YES;
				SWIFT_APPROACHABLE_CONCURRENCY = YES;
				SWIFT_DEFAULT_ACTOR_ISOLATION = MainActor;
				SWIFT_EMIT_LOC_STRINGS = YES;
				SWIFT_UPCOMING_FEATURE_MEMBER_IMPORT_VISIBILITY = YES;
				SWIFT_VERSION = 5.0;
				TARGETED_DEVICE_FAMILY = "1,2";
			};
			name = Release;
		};
		666DBC552F0F061100826D81 /* Debug */ = {
			isa = XCBuildConfiguration;
			buildSettings = {
				ALWAYS_SEARCH_USER_PATHS = NO;
				ASSETCATALOG_COMPILER_GENERATE_SWIFT_ASSET_SYMBOL_EXTENSIONS = YES;
				CLANG_ANALYZER_NONNULL = YES;
				CLANG_ANALYZER_NUMBER_OBJECT_CONVERSION = YES_AGGRESSIVE;
				CLANG_CXX_LANGUAGE_STANDARD = "gnu++20";
				CLANG_ENABLE_MODULES = YES;
				CLANG_ENABLE_OBJC_ARC = YES;
				CLANG_ENABLE_OBJC_WEAK = YES;
				CLANG_WARN_BLOCK_CAPTURE_AUTORELEASING = YES;
				CLANG_WARN_BOOL_CONVERSION = YES;
				CLANG_WARN_COMMA = YES;
				CLANG_WARN_CONSTANT_CONVERSION = YES;
				CLANG_WARN_DEPRECATED_OBJC_IMPLEMENTATIONS = YES;
				CLANG_WARN_DIRECT_OBJC_ISA_USAGE = YES_ERROR;
				CLANG_WARN_DOCUMENTATION_COMMENTS = YES;
				CLANG_WARN_EMPTY_BODY = YES;
				CLANG_WARN_ENUM_CONVERSION = YES;
				CLANG_WARN_INFINITE_RECURSION = YES;
				CLANG_WARN_INT_CONVERSION = YES;
				CLANG_WARN_NON_LITERAL_NULL_CONVERSION = YES;
				CLANG_WARN_OBJC_IMPLICIT_RETAIN_SELF = YES;
				CLANG_WARN_OBJC_LITERAL_CONVERSION = YES;
				CLANG_WARN_OBJC_ROOT_CLASS = YES_ERROR;
				CLANG_WARN_QUOTED_INCLUDE_IN_FRAMEWORK_HEADER = YES;
				CLANG_WARN_RANGE_LOOP_ANALYSIS = YES;
				CLANG_WARN_STRICT_PROTOTYPES = YES;
				CLANG_WARN_SUSPICIOUS_MOVE = YES;
				CLANG_WARN_UNGUARDED_AVAILABILITY = YES_AGGRESSIVE;
				CLANG_WARN_UNREACHABLE_CODE = YES;
				CLANG_WARN__DUPLICATE_METHOD_MATCH = YES;
				COPY_PHASE_STRIP = NO;
				DEBUG_INFORMATION_FORMAT = dwarf;
				DEVELOPMENT_TEAM = W4PLM233U2;
				ENABLE_STRICT_OBJC_MSGSEND = YES;
				ENABLE_TESTABILITY = YES;
				ENABLE_USER_SCRIPT_SANDBOXING = YES;
				GCC_C_LANGUAGE_STANDARD = gnu17;
				GCC_DYNAMIC_NO_PIC = NO;
				GCC_NO_COMMON_BLOCKS = YES;
				GCC_OPTIMIZATION_LEVEL = 0;
				GCC_PREPROCESSOR_DEFINITIONS = (
					"DEBUG=1",
					"$(inherited)",
				);
				GCC_WARN_64_TO_32_BIT_CONVERSION = YES;
				GCC_WARN_ABOUT_RETURN_TYPE = YES_ERROR;
				GCC_WARN_UNDECLARED_SELECTOR = YES;
				GCC_WARN_UNINITIALIZED_AUTOS = YES_AGGRESSIVE;
				GCC_WARN_UNUSED_FUNCTION = YES;
				GCC_WARN_UNUSED_VARIABLE = YES;
				IPHONEOS_DEPLOYMENT_TARGET = 26.1;
				LOCALIZATION_PREFERS_STRING_CATALOGS = YES;
				MTL_ENABLE_DEBUG_INFO = INCLUDE_SOURCE;
				MTL_FAST_MATH = YES;
				ONLY_ACTIVE_ARCH = YES;
				SDKROOT = iphoneos;
				SWIFT_ACTIVE_COMPILATION_CONDITIONS = "DEBUG $(inherited)";
				SWIFT_OPTIMIZATION_LEVEL = "-Onone";
			};
			name = Debug;
		};
		666DBC562F0F061100826D81 /* Release */ = {
			isa = XCBuildConfiguration;
			buildSettings = {
				ALWAYS_SEARCH_USER_PATHS = NO;
				ASSETCATALOG_COMPILER_GENERATE_SWIFT_ASSET_SYMBOL_EXTENSIONS = YES;
				CLANG_ANALYZER_NONNULL = YES;
				CLANG_ANALYZER_NUMBER_OBJECT_CONVERSION = YES_AGGRESSIVE;
				CLANG_CXX_LANGUAGE_STANDARD = "gnu++20";
				CLANG_ENABLE_MODULES = YES;
				CLANG_ENABLE_OBJC_ARC = YES;
				CLANG_ENABLE_OBJC_WEAK = YES;
				CLANG_WARN_BLOCK_CAPTURE_AUTORELEASING = YES;
				CLANG_WARN_BOOL_CONVERSION = YES;
				CLANG_WARN_COMMA = YES;
				CLANG_WARN_CONSTANT_CONVERSION = YES;
				CLANG_WARN_DEPRECATED_OBJC_IMPLEMENTATIONS = YES;
				CLANG_WARN_DIRECT_OBJC_ISA_USAGE = YES_ERROR;
				CLANG_WARN_DOCUMENTATION_COMMENTS = YES;
				CLANG_WARN_EMPTY_BODY = YES;
				CLANG_WARN_ENUM_CONVERSION = YES;
				CLANG_WARN_INFINITE_RECURSION = YES;
				CLANG_WARN_INT_CONVERSION = YES;
				CLANG_WARN_NON_LITERAL_NULL_CONVERSION = YES;
				CLANG_WARN_OBJC_IMPLICIT_RETAIN_SELF = YES;
				CLANG_WARN_OBJC_LITERAL_CONVERSION = YES;
				CLANG_WARN_OBJC_ROOT_CLASS = YES_ERROR;
				CLANG_WARN_QUOTED_INCLUDE_IN_FRAMEWORK_HEADER = YES;
				CLANG_WARN_RANGE_LOOP_ANALYSIS = YES;
				CLANG_WARN_STRICT_PROTOTYPES = YES;
				CLANG_WARN_SUSPICIOUS_MOVE = YES;
				CLANG_WARN_UNGUARDED_AVAILABILITY = YES_AGGRESSIVE;
				CLANG_WARN_UNREACHABLE_CODE = YES;
				CLANG_WARN__DUPLICATE_METHOD_MATCH = YES;
				COPY_PHASE_STRIP = NO;
				DEBUG_INFORMATION_FORMAT = "dwarf-with-dsym";
				DEVELOPMENT_TEAM = W4PLM233U2;
				ENABLE_NS_ASSERTIONS = NO;
				ENABLE_STRICT_OBJC_MSGSEND = YES;
				ENABLE_USER_SCRIPT_SANDBOXING = YES;
				GCC_C_LANGUAGE_STANDARD = gnu17;
				GCC_NO_COMMON_BLOCKS = YES;
				GCC_WARN_64_TO_32_BIT_CONVERSION = YES;
				GCC_WARN_ABOUT_RETURN_TYPE = YES_ERROR;
				GCC_WARN_UNDECLARED_SELECTOR = YES;
				GCC_WARN_UNINITIALIZED_AUTOS = YES_AGGRESSIVE;
				GCC_WARN_UNUSED_FUNCTION = YES;
				GCC_WARN_UNUSED_VARIABLE = YES;
				IPHONEOS_DEPLOYMENT_TARGET = 26.1;
				LOCALIZATION_PREFERS_STRING_CATALOGS = YES;
				MTL_ENABLE_DEBUG_INFO = NO;
				MTL_FAST_MATH = YES;
				SDKROOT = iphoneos;
				SWIFT_COMPILATION_MODE = wholemodule;
				VALIDATE_PRODUCT = YES;
			};
			name = Release;
		};
		666DBC582F0F061100826D81 /* Debug */ = {
			isa = XCBuildConfiguration;
			buildSettings = {
				BUNDLE_LOADER = "$(TEST_HOST)";
				CODE_SIGN_STYLE = Automatic;
				CURRENT_PROJECT_VERSION = 1;
				DEVELOPMENT_TEAM = W4PLM233U2;
				GENERATE_INFOPLIST_FILE = YES;
				IPHONEOS_DEPLOYMENT_TARGET = 26.1;
				MARKETING_VERSION = 1.0;
				PRODUCT_BUNDLE_IDENTIFIER = "com.wingch.study-pip-lifecycleTests";
				PRODUCT_NAME = "$(TARGET_NAME)";
				STRING_CATALOG_GENERATE_SYMBOLS = NO;
				SWIFT_APPROACHABLE_CONCURRENCY = YES;
				SWIFT_EMIT_LOC_STRINGS = NO;
				SWIFT_UPCOMING_FEATURE_MEMBER_IMPORT_VISIBILITY = YES;
				SWIFT_VERSION = 5.0;
				TARGETED_DEVICE_FAMILY = "1,2";
				TEST_HOST = "$(BUILT_PRODUCTS_DIR)/study_pip_lifecycle.app/$(BUNDLE_EXECUTABLE_FOLDER_PATH)/study_pip_lifecycle";
			};
			name = Debug;
		};
		666DBC592F0F061100826D81 /* Release */ = {
			isa = XCBuildConfiguration;
			buildSettings = {
				BUNDLE_LOADER = "$(TEST_HOST)";
				CODE_SIGN_STYLE = Automatic;
				CURRENT_PROJECT_VERSION = 1;
				DEVELOPMENT_TEAM = W4PLM233U2;
				GENERATE_INFOPLIST_FILE = YES;
				IPHONEOS_DEPLOYMENT_TARGET = 26.1;
				MARKETING_VERSION = 1.0;
				PRODUCT_BUNDLE_IDENTIFIER = "com.wingch.study-pip-lifecycleTests";
				PRODUCT_NAME = "$(TARGET_NAME)";
				STRING_CATALOG_GENERATE_SYMBOLS = NO;
				SWIFT_APPROACHABLE_CONCURRENCY = YES;
				SWIFT_EMIT_LOC_STRINGS = NO;
				SWIFT_UPCOMING_FEATURE_MEMBER_IMPORT_VISIBILITY = YES;
				SWIFT_VERSION = 5.0;
				TARGETED_DEVICE_FAMILY = "1,2";
				TEST_HOST = "$(BUILT_PRODUCTS_DIR)/study_pip_lifecycle.app/$(BUNDLE_EXECUTABLE_FOLDER_PATH)/study_pip_lifecycle";
			};
			name = Release;
		};
		666DBC5B2F0F061100826D81 /* Debug */ = {
			isa = XCBuildConfiguration;
			buildSettings = {
				CODE_SIGN_STYLE = Automatic;
				CURRENT_PROJECT_VERSION = 1;
				DEVELOPMENT_TEAM = W4PLM233U2;
				GENERATE_INFOPLIST_FILE = YES;
				MARKETING_VERSION = 1.0;
				PRODUCT_BUNDLE_IDENTIFIER = "com.wingch.study-pip-lifecycleUITests";
				PRODUCT_NAME = "$(TARGET_NAME)";
				STRING_CATALOG_GENERATE_SYMBOLS = NO;
				SWIFT_APPROACHABLE_CONCURRENCY = YES;
				SWIFT_EMIT_LOC_STRINGS = NO;
				SWIFT_UPCOMING_FEATURE_MEMBER_IMPORT_VISIBILITY = YES;
				SWIFT_VERSION = 5.0;
				TARGETED_DEVICE_FAMILY = "1,2";
				TEST_TARGET_NAME = study_pip_lifecycle;
			};
			name = Debug;
		};
		666DBC5C2F0F061100826D81 /* Release */ = {
			isa = XCBuildConfiguration;
			buildSettings = {
				CODE_SIGN_STYLE = Automatic;
				CURRENT_PROJECT_VERSION = 1;
				DEVELOPMENT_TEAM = W4PLM233U2;
				GENERATE_INFOPLIST_FILE = YES;
				MARKETING_VERSION = 1.0;
				PRODUCT_BUNDLE_IDENTIFIER = "com.wingch.study-pip-lifecycleUITests";
				PRODUCT_NAME = "$(TARGET_NAME)";
				STRING_CATALOG_GENERATE_SYMBOLS = NO;
				SWIFT_APPROACHABLE_CONCURRENCY = YES;
				SWIFT_EMIT_LOC_STRINGS = NO;
				SWIFT_UPCOMING_FEATURE_MEMBER_IMPORT_VISIBILITY = YES;
				SWIFT_VERSION = 5.0;
				TARGETED_DEVICE_FAMILY = "1,2";
				TEST_TARGET_NAME = study_pip_lifecycle;
			};
			name = Release;
		};
/* End XCBuildConfiguration section */

/* Begin XCConfigurationList section */
		666DBC242F0F061000826D81 /* Build configuration list for PBXProject "study_pip_lifecycle" */ = {
			isa = XCConfigurationList;
			buildConfigurations = (
				666DBC552F0F061100826D81 /* Debug */,
				666DBC562F0F061100826D81 /* Release */,
			);
			defaultConfigurationIsVisible = 0;
			defaultConfigurationName = Release;
		};
		666DBC522F0F061100826D81 /* Build configuration list for PBXNativeTarget "study_pip_lifecycle" */ = {
			isa = XCConfigurationList;
			buildConfigurations = (
				666DBC532F0F061100826D81 /* Debug */,
				666DBC542F0F061100826D81 /* Release */,
			);
			defaultConfigurationIsVisible = 0;
			defaultConfigurationName = Release;
		};
		666DBC572F0F061100826D81 /* Build configuration list for PBXNativeTarget "study_pip_lifecycleTests" */ = {
			isa = XCConfigurationList;
			buildConfigurations = (
				666DBC582F0F061100826D81 /* Debug */,
				666DBC592F0F061100826D81 /* Release */,
			);
			defaultConfigurationIsVisible = 0;
			defaultConfigurationName = Release;
		};
		666DBC5A2F0F061100826D81 /* Build configuration list for PBXNativeTarget "study_pip_lifecycleUITests" */ = {
			isa = XCConfigurationList;
			buildConfigurations = (
				666DBC5B2F0F061100826D81 /* Debug */,
				666DBC5C2F0F061100826D81 /* Release */,
			);
			defaultConfigurationIsVisible = 0;
			defaultConfigurationName = Release;
		};
/* End XCConfigurationList section */
	};
	rootObject = 666DBC212F0F061000826D81 /* Project object */;
}
