// !$*UTF8*$!
{
	archiveVersion = 1;
	classes = {
	};
	objectVersion = 56;
	objects = {

/* Begin PBXBuildFile section */
		6647F95429E7A771001267E2 /* TinyConstraints in Frameworks */ = {isa = PBXBuildFile; productRef = 6647F95329E7A771001267E2 /* TinyConstraints */; };
		6647F95729E7A790001267E2 /* Then in Frameworks */ = {isa = PBXBuildFile; productRef = 6647F95629E7A790001267E2 /* Then */; };
		669EB63C29E7A51900698F19 /* AppDelegate.swift in Sources */ = {isa = PBXBuildFile; fileRef = 669EB63B29E7A51900698F19 /* AppDelegate.swift */; };
		669EB63E29E7A51900698F19 /* SceneDelegate.swift in Sources */ = {isa = PBXBuildFile; fileRef = 669EB63D29E7A51900698F19 /* SceneDelegate.swift */; };
		669EB64029E7A51900698F19 /* ViewController.swift in Sources */ = {isa = PBXBuildFile; fileRef = 669EB63F29E7A51900698F19 /* ViewController.swift */; };
		669EB64329E7A51900698F19 /* Main.storyboard in Resources */ = {isa = PBXBuildFile; fileRef = 669EB64129E7A51900698F19 /* Main.storyboard */; };
		669EB64529E7A51A00698F19 /* Assets.xcassets in Resources */ = {isa = PBXBuildFile; fileRef = 669EB64429E7A51A00698F19 /* Assets.xcassets */; };
		669EB64829E7A51A00698F19 /* LaunchScreen.storyboard in Resources */ = {isa = PBXBuildFile; fileRef = 669EB64629E7A51A00698F19 /* LaunchScreen.storyboard */; };
		669EB65029E7A59400698F19 /* KeyValueView.swift in Sources */ = {isa = PBXBuildFile; fileRef = 669EB64F29E7A59400698F19 /* KeyValueView.swift */; };
/* End PBXBuildFile section */

/* Begin PBXFileReference section */
		669EB63829E7A51900698F19 /* keyValueView.app */ = {isa = PBXFileReference; explicitFileType = wrapper.application; includeInIndex = 0; path = keyValueView.app; sourceTree = BUILT_PRODUCTS_DIR; };
		669EB63B29E7A51900698F19 /* AppDelegate.swift */ = {isa = PBXFileReference; lastKnownFileType = sourcecode.swift; path = AppDelegate.swift; sourceTree = "<group>"; };
		669EB63D29E7A51900698F19 /* SceneDelegate.swift */ = {isa = PBXFileReference; lastKnownFileType = sourcecode.swift; path = SceneDelegate.swift; sourceTree = "<group>"; };
		669EB63F29E7A51900698F19 /* ViewController.swift */ = {isa = PBXFileReference; lastKnownFileType = sourcecode.swift; path = ViewController.swift; sourceTree = "<group>"; };
		669EB64229E7A51900698F19 /* Base */ = {isa = PBXFileReference; lastKnownFileType = file.storyboard; name = Base; path = Base.lproj/Main.storyboard; sourceTree = "<group>"; };
		669EB64429E7A51A00698F19 /* Assets.xcassets */ = {isa = PBXFileReference; lastKnownFileType = folder.assetcatalog; path = Assets.xcassets; sourceTree = "<group>"; };
		669EB64729E7A51A00698F19 /* Base */ = {isa = PBXFileReference; lastKnownFileType = file.storyboard; name = Base; path = Base.lproj/LaunchScreen.storyboard; sourceTree = "<group>"; };
		669EB64929E7A51A00698F19 /* Info.plist */ = {isa = PBXFileReference; lastKnownFileType = text.plist.xml; path = Info.plist; sourceTree = "<group>"; };
		669EB64F29E7A59400698F19 /* KeyValueView.swift */ = {isa = PBXFileReference; lastKnownFileType = sourcecode.swift; path = KeyValueView.swift; sourceTree = "<group>"; };
/* End PBXFileReference section */

/* Begin PBXFrameworksBuildPhase section */
		669EB63529E7A51900698F19 /* Frameworks */ = {
			isa = PBXFrameworksBuildPhase;
			buildActionMask = 2147483647;
			files = (
				6647F95429E7A771001267E2 /* TinyConstraints in Frameworks */,
				6647F95729E7A790001267E2 /* Then in Frameworks */,
			);
			runOnlyForDeploymentPostprocessing = 0;
		};
/* End PBXFrameworksBuildPhase section */

/* Begin PBXGroup section */
		669EB62F29E7A51900698F19 = {
			isa = PBXGroup;
			children = (
				669EB63A29E7A51900698F19 /* keyValueView */,
				669EB63929E7A51900698F19 /* Products */,
			);
			sourceTree = "<group>";
		};
		669EB63929E7A51900698F19 /* Products */ = {
			isa = PBXGroup;
			children = (
				669EB63829E7A51900698F19 /* keyValueView.app */,
			);
			name = Products;
			sourceTree = "<group>";
		};
		669EB63A29E7A51900698F19 /* keyValueView */ = {
			isa = PBXGroup;
			children = (
				669EB63B29E7A51900698F19 /* AppDelegate.swift */,
				669EB63D29E7A51900698F19 /* SceneDelegate.swift */,
				669EB63F29E7A51900698F19 /* ViewController.swift */,
				669EB64129E7A51900698F19 /* Main.storyboard */,
				669EB64429E7A51A00698F19 /* Assets.xcassets */,
				669EB64629E7A51A00698F19 /* LaunchScreen.storyboard */,
				669EB64929E7A51A00698F19 /* Info.plist */,
				669EB64F29E7A59400698F19 /* KeyValueView.swift */,
			);
			path = keyValueView;
			sourceTree = "<group>";
		};
/* End PBXGroup section */

/* Begin PBXNativeTarget section */
		669EB63729E7A51900698F19 /* keyValueView */ = {
			isa = PBXNativeTarget;
			buildConfigurationList = 669EB64C29E7A51A00698F19 /* Build configuration list for PBXNativeTarget "keyValueView" */;
			buildPhases = (
				669EB63429E7A51900698F19 /* Sources */,
				669EB63529E7A51900698F19 /* Frameworks */,
				669EB63629E7A51900698F19 /* Resources */,
			);
			buildRules = (
			);
			dependencies = (
			);
			name = keyValueView;
			packageProductDependencies = (
				6647F95329E7A771001267E2 /* TinyConstraints */,
				6647F95629E7A790001267E2 /* Then */,
			);
			productName = keyValueView;
			productReference = 669EB63829E7A51900698F19 /* keyValueView.app */;
			productType = "com.apple.product-type.application";
		};
/* End PBXNativeTarget section */

/* Begin PBXProject section */
		669EB63029E7A51900698F19 /* Project object */ = {
			isa = PBXProject;
			attributes = {
				BuildIndependentTargetsInParallel = 1;
				LastSwiftUpdateCheck = 1410;
				LastUpgradeCheck = 1410;
				TargetAttributes = {
					669EB63729E7A51900698F19 = {
						CreatedOnToolsVersion = 14.1;
					};
				};
			};
			buildConfigurationList = 669EB63329E7A51900698F19 /* Build configuration list for PBXProject "keyValueView" */;
			compatibilityVersion = "Xcode 14.0";
			developmentRegion = en;
			hasScannedForEncodings = 0;
			knownRegions = (
				en,
				Base,
			);
			mainGroup = 669EB62F29E7A51900698F19;
			packageReferences = (
				6647F95229E7A771001267E2 /* XCRemoteSwiftPackageReference "TinyConstraints" */,
				6647F95529E7A790001267E2 /* XCRemoteSwiftPackageReference "Then" */,
			);
			productRefGroup = 669EB63929E7A51900698F19 /* Products */;
			projectDirPath = "";
			projectRoot = "";
			targets = (
				669EB63729E7A51900698F19 /* keyValueView */,
			);
		};
/* End PBXProject section */

/* Begin PBXResourcesBuildPhase section */
		669EB63629E7A51900698F19 /* Resources */ = {
			isa = PBXResourcesBuildPhase;
			buildActionMask = 2147483647;
			files = (
				669EB64829E7A51A00698F19 /* LaunchScreen.storyboard in Resources */,
				669EB64529E7A51A00698F19 /* Assets.xcassets in Resources */,
				669EB64329E7A51900698F19 /* Main.storyboard in Resources */,
			);
			runOnlyForDeploymentPostprocessing = 0;
		};
/* End PBXResourcesBuildPhase section */

/* Begin PBXSourcesBuildPhase section */
		669EB63429E7A51900698F19 /* Sources */ = {
			isa = PBXSourcesBuildPhase;
			buildActionMask = 2147483647;
			files = (
				669EB64029E7A51900698F19 /* ViewController.swift in Sources */,
				669EB63C29E7A51900698F19 /* AppDelegate.swift in Sources */,
				669EB65029E7A59400698F19 /* KeyValueView.swift in Sources */,
				669EB63E29E7A51900698F19 /* SceneDelegate.swift in Sources */,
			);
			runOnlyForDeploymentPostprocessing = 0;
		};
/* End PBXSourcesBuildPhase section */

/* Begin PBXVariantGroup section */
		669EB64129E7A51900698F19 /* Main.storyboard */ = {
			isa = PBXVariantGroup;
			children = (
				669EB64229E7A51900698F19 /* Base */,
			);
			name = Main.storyboard;
			sourceTree = "<group>";
		};
		669EB64629E7A51A00698F19 /* LaunchScreen.storyboard */ = {
			isa = PBXVariantGroup;
			children = (
				669EB64729E7A51A00698F19 /* Base */,
			);
			name = LaunchScreen.storyboard;
			sourceTree = "<group>";
		};
/* End PBXVariantGroup section */

/* Begin XCBuildConfiguration section */
		669EB64A29E7A51A00698F19 /* Debug */ = {
			isa = XCBuildConfiguration;
			buildSettings = {
				ALWAYS_SEARCH_USER_PATHS = NO;
				CLANG_ANALYZER_NONNULL = YES;
				CLANG_ANALYZER_NUMBER_OBJECT_CONVERSION = YES_AGGRESSIVE;
				CLANG_CXX_LANGUAGE_STANDARD = "gnu++20";
				CLANG_ENABLE_MODULES = YES;
				CLANG_ENABLE_OBJC_ARC = YES;
				CLANG_ENABLE_OBJC_WEAK = YES;
				CLANG_WARN_BLOCK_CAPTURE_AUTORELEASING = YES;
				CLANG_WARN_BOOL_CONVERSION = YES;
				CLANG_WARN_COMMA = YES;
				CLANG_WARN_CONSTANT_CONVERSION = YES;
				CLANG_WARN_DEPRECATED_OBJC_IMPLEMENTATIONS = YES;
				CLANG_WARN_DIRECT_OBJC_ISA_USAGE = YES_ERROR;
				CLANG_WARN_DOCUMENTATION_COMMENTS = YES;
				CLANG_WARN_EMPTY_BODY = YES;
				CLANG_WARN_ENUM_CONVERSION = YES;
				CLANG_WARN_INFINITE_RECURSION = YES;
				CLANG_WARN_INT_CONVERSION = YES;
				CLANG_WARN_NON_LITERAL_NULL_CONVERSION = YES;
				CLANG_WARN_OBJC_IMPLICIT_RETAIN_SELF = YES;
				CLANG_WARN_OBJC_LITERAL_CONVERSION = YES;
				CLANG_WARN_OBJC_ROOT_CLASS = YES_ERROR;
				CLANG_WARN_QUOTED_INCLUDE_IN_FRAMEWORK_HEADER = YES;
				CLANG_WARN_RANGE_LOOP_ANALYSIS = YES;
				CLANG_WARN_STRICT_PROTOTYPES = YES;
				CLANG_WARN_SUSPICIOUS_MOVE = YES;
				CLANG_WARN_UNGUARDED_AVAILABILITY = YES_AGGRESSIVE;
				CLANG_WARN_UNREACHABLE_CODE = YES;
				CLANG_WARN__DUPLICATE_METHOD_MATCH = YES;
				COPY_PHASE_STRIP = NO;
				DEBUG_INFORMATION_FORMAT = dwarf;
				ENABLE_STRICT_OBJC_MSGSEND = YES;
				ENABLE_TESTABILITY = YES;
				GCC_C_LANGUAGE_STANDARD = gnu11;
				GCC_DYNAMIC_NO_PIC = NO;
				GCC_NO_COMMON_BLOCKS = YES;
				GCC_OPTIMIZATION_LEVEL = 0;
				GCC_PREPROCESSOR_DEFINITIONS = (
					"DEBUG=1",
					"$(inherited)",
				);
				GCC_WARN_64_TO_32_BIT_CONVERSION = YES;
				GCC_WARN_ABOUT_RETURN_TYPE = YES_ERROR;
				GCC_WARN_UNDECLARED_SELECTOR = YES;
				GCC_WARN_UNINITIALIZED_AUTOS = YES_AGGRESSIVE;
				GCC_WARN_UNUSED_FUNCTION = YES;
				GCC_WARN_UNUSED_VARIABLE = YES;
				IPHONEOS_DEPLOYMENT_TARGET = 13.0;
				MTL_ENABLE_DEBUG_INFO = INCLUDE_SOURCE;
				MTL_FAST_MATH = YES;
				ONLY_ACTIVE_ARCH = YES;
				SDKROOT = iphoneos;
				SWIFT_ACTIVE_COMPILATION_CONDITIONS = DEBUG;
				SWIFT_OPTIMIZATION_LEVEL = "-Onone";
			};
			name = Debug;
		};
		669EB64B29E7A51A00698F19 /* Release */ = {
			isa = XCBuildConfiguration;
			buildSettings = {
				ALWAYS_SEARCH_USER_PATHS = NO;
				CLANG_ANALYZER_NONNULL = YES;
				CLANG_ANALYZER_NUMBER_OBJECT_CONVERSION = YES_AGGRESSIVE;
				CLANG_CXX_LANGUAGE_STANDARD = "gnu++20";
				CLANG_ENABLE_MODULES = YES;
				CLANG_ENABLE_OBJC_ARC = YES;
				CLANG_ENABLE_OBJC_WEAK = YES;
				CLANG_WARN_BLOCK_CAPTURE_AUTORELEASING = YES;
				CLANG_WARN_BOOL_CONVERSION = YES;
				CLANG_WARN_COMMA = YES;
				CLANG_WARN_CONSTANT_CONVERSION = YES;
				CLANG_WARN_DEPRECATED_OBJC_IMPLEMENTATIONS = YES;
				CLANG_WARN_DIRECT_OBJC_ISA_USAGE = YES_ERROR;
				CLANG_WARN_DOCUMENTATION_COMMENTS = YES;
				CLANG_WARN_EMPTY_BODY = YES;
				CLANG_WARN_ENUM_CONVERSION = YES;
				CLANG_WARN_INFINITE_RECURSION = YES;
				CLANG_WARN_INT_CONVERSION = YES;
				CLANG_WARN_NON_LITERAL_NULL_CONVERSION = YES;
				CLANG_WARN_OBJC_IMPLICIT_RETAIN_SELF = YES;
				CLANG_WARN_OBJC_LITERAL_CONVERSION = YES;
				CLANG_WARN_OBJC_ROOT_CLASS = YES_ERROR;
				CLANG_WARN_QUOTED_INCLUDE_IN_FRAMEWORK_HEADER = YES;
				CLANG_WARN_RANGE_LOOP_ANALYSIS = YES;
				CLANG_WARN_STRICT_PROTOTYPES = YES;
				CLANG_WARN_SUSPICIOUS_MOVE = YES;
				CLANG_WARN_UNGUARDED_AVAILABILITY = YES_AGGRESSIVE;
				CLANG_WARN_UNREACHABLE_CODE = YES;
				CLANG_WARN__DUPLICATE_METHOD_MATCH = YES;
				COPY_PHASE_STRIP = NO;
				DEBUG_INFORMATION_FORMAT = "dwarf-with-dsym";
				ENABLE_NS_ASSERTIONS = NO;
				ENABLE_STRICT_OBJC_MSGSEND = YES;
				GCC_C_LANGUAGE_STANDARD = gnu11;
				GCC_NO_COMMON_BLOCKS = YES;
				GCC_WARN_64_TO_32_BIT_CONVERSION = YES;
				GCC_WARN_ABOUT_RETURN_TYPE = YES_ERROR;
				GCC_WARN_UNDECLARED_SELECTOR = YES;
				GCC_WARN_UNINITIALIZED_AUTOS = YES_AGGRESSIVE;
				GCC_WARN_UNUSED_FUNCTION = YES;
				GCC_WARN_UNUSED_VARIABLE = YES;
				IPHONEOS_DEPLOYMENT_TARGET = 13.0;
				MTL_ENABLE_DEBUG_INFO = NO;
				MTL_FAST_MATH = YES;
				SDKROOT = iphoneos;
				SWIFT_COMPILATION_MODE = wholemodule;
				SWIFT_OPTIMIZATION_LEVEL = "-O";
				VALIDATE_PRODUCT = YES;
			};
			name = Release;
		};
		669EB64D29E7A51A00698F19 /* Debug */ = {
			isa = XCBuildConfiguration;
			buildSettings = {
				ASSETCATALOG_COMPILER_APPICON_NAME = AppIcon;
				ASSETCATALOG_COMPILER_GLOBAL_ACCENT_COLOR_NAME = AccentColor;
				CODE_SIGN_STYLE = Automatic;
				CURRENT_PROJECT_VERSION = 1;
				GENERATE_INFOPLIST_FILE = YES;
				INFOPLIST_FILE = keyValueView/Info.plist;
				INFOPLIST_KEY_UIApplicationSupportsIndirectInputEvents = YES;
				INFOPLIST_KEY_UILaunchStoryboardName = LaunchScreen;
				INFOPLIST_KEY_UIMainStoryboardFile = Main;
				INFOPLIST_KEY_UISupportedInterfaceOrientations_iPad = "UIInterfaceOrientationPortrait UIInterfaceOrientationPortraitUpsideDown UIInterfaceOrientationLandscapeLeft UIInterfaceOrientationLandscapeRight";
				INFOPLIST_KEY_UISupportedInterfaceOrientations_iPhone = "UIInterfaceOrientationPortrait UIInterfaceOrientationLandscapeLeft UIInterfaceOrientationLandscapeRight";
				IPHONEOS_DEPLOYMENT_TARGET = 13.0;
				LD_RUNPATH_SEARCH_PATHS = (
					"$(inherited)",
					"@executable_path/Frameworks",
				);
				MARKETING_VERSION = 1.0;
				PRODUCT_BUNDLE_IDENTIFIER = wingchan.com.keyValueView;
				PRODUCT_NAME = "$(TARGET_NAME)";
				SWIFT_EMIT_LOC_STRINGS = YES;
				SWIFT_VERSION = 5.0;
				TARGETED_DEVICE_FAMILY = "1,2";
			};
			name = Debug;
		};
		669EB64E29E7A51A00698F19 /* Release */ = {
			isa = XCBuildConfiguration;
			buildSettings = {
				ASSETCATALOG_COMPILER_APPICON_NAME = AppIcon;
				ASSETCATALOG_COMPILER_GLOBAL_ACCENT_COLOR_NAME = AccentColor;
				CODE_SIGN_STYLE = Automatic;
				CURRENT_PROJECT_VERSION = 1;
				GENERATE_INFOPLIST_FILE = YES;
				INFOPLIST_FILE = keyValueView/Info.plist;
				INFOPLIST_KEY_UIApplicationSupportsIndirectInputEvents = YES;
				INFOPLIST_KEY_UILaunchStoryboardName = LaunchScreen;
				INFOPLIST_KEY_UIMainStoryboardFile = Main;
				INFOPLIST_KEY_UISupportedInterfaceOrientations_iPad = "UIInterfaceOrientationPortrait UIInterfaceOrientationPortraitUpsideDown UIInterfaceOrientationLandscapeLeft UIInterfaceOrientationLandscapeRight";
				INFOPLIST_KEY_UISupportedInterfaceOrientations_iPhone = "UIInterfaceOrientationPortrait UIInterfaceOrientationLandscapeLeft UIInterfaceOrientationLandscapeRight";
				IPHONEOS_DEPLOYMENT_TARGET = 13.0;
				LD_RUNPATH_SEARCH_PATHS = (
					"$(inherited)",
					"@executable_path/Frameworks",
				);
				MARKETING_VERSION = 1.0;
				PRODUCT_BUNDLE_IDENTIFIER = wingchan.com.keyValueView;
				PRODUCT_NAME = "$(TARGET_NAME)";
				SWIFT_EMIT_LOC_STRINGS = YES;
				SWIFT_VERSION = 5.0;
				TARGETED_DEVICE_FAMILY = "1,2";
			};
			name = Release;
		};
/* End XCBuildConfiguration section */

/* Begin XCConfigurationList section */
		669EB63329E7A51900698F19 /* Build configuration list for PBXProject "keyValueView" */ = {
			isa = XCConfigurationList;
			buildConfigurations = (
				669EB64A29E7A51A00698F19 /* Debug */,
				669EB64B29E7A51A00698F19 /* Release */,
			);
			defaultConfigurationIsVisible = 0;
			defaultConfigurationName = Release;
		};
		669EB64C29E7A51A00698F19 /* Build configuration list for PBXNativeTarget "keyValueView" */ = {
			isa = XCConfigurationList;
			buildConfigurations = (
				669EB64D29E7A51A00698F19 /* Debug */,
				669EB64E29E7A51A00698F19 /* Release */,
			);
			defaultConfigurationIsVisible = 0;
			defaultConfigurationName = Release;
		};
/* End XCConfigurationList section */

/* Begin XCRemoteSwiftPackageReference section */
		6647F95229E7A771001267E2 /* XCRemoteSwiftPackageReference "TinyConstraints" */ = {
			isa = XCRemoteSwiftPackageReference;
			repositoryURL = "https://github.com/roberthein/TinyConstraints";
			requirement = {
				kind = upToNextMajorVersion;
				minimumVersion = 4.0.0;
			};
		};
		6647F95529E7A790001267E2 /* XCRemoteSwiftPackageReference "Then" */ = {
			isa = XCRemoteSwiftPackageReference;
			repositoryURL = "https://github.com/devxoul/Then";
			requirement = {
				kind = upToNextMajorVersion;
				minimumVersion = 3.0.0;
			};
		};
/* End XCRemoteSwiftPackageReference section */

/* Begin XCSwiftPackageProductDependency section */
		6647F95329E7A771001267E2 /* TinyConstraints */ = {
			isa = XCSwiftPackageProductDependency;
			package = 6647F95229E7A771001267E2 /* XCRemoteSwiftPackageReference "TinyConstraints" */;
			productName = TinyConstraints;
		};
		6647F95629E7A790001267E2 /* Then */ = {
			isa = XCSwiftPackageProductDependency;
			package = 6647F95529E7A790001267E2 /* XCRemoteSwiftPackageReference "Then" */;
			productName = Then;
		};
/* End XCSwiftPackageProductDependency section */
	};
	rootObject = 669EB63029E7A51900698F19 /* Project object */;
}
