// !$*UTF8*$!
{
	archiveVersion = 1;
	classes = {
	};
	objectVersion = 55;
	objects = {

/* Begin PBXBuildFile section */
		0EDE50EB28254ED300A2D8D7 /* AppDelegate.swift in Sources */ = {isa = PBXBuildFile; fileRef = 0EDE50EA28254ED300A2D8D7 /* AppDelegate.swift */; };
		0EDE50ED28254ED300A2D8D7 /* RootViewController.swift in Sources */ = {isa = PBXBuildFile; fileRef = 0EDE50EC28254ED300A2D8D7 /* RootViewController.swift */; };
		0EDE50F128254ED300A2D8D7 /* Assets.xcassets in Resources */ = {isa = PBXBuildFile; fileRef = 0EDE50F028254ED300A2D8D7 /* Assets.xcassets */; };
		0EDE50F428254ED300A2D8D7 /* LaunchScreen.storyboard in Resources */ = {isa = PBXBuildFile; fileRef = 0EDE50F228254ED300A2D8D7 /* LaunchScreen.storyboard */; };
		0EDE50FB2825F41600A2D8D7 /* WebViewController.swift in Sources */ = {isa = PBXBuildFile; fileRef = 0EDE50FA2825F41600A2D8D7 /* WebViewController.swift */; };
		2765EFDCFA3B8A762EAE3B14 /* Pods_webview_inside_scrollview.framework in Frameworks */ = {isa = PBXBuildFile; fileRef = 39C5E9FEB83EB044304715BA /* Pods_webview_inside_scrollview.framework */; };
/* End PBXBuildFile section */

/* Begin PBXFileReference section */
		0EDE50E728254ED300A2D8D7 /* webview_inside_scrollview.app */ = {isa = PBXFileReference; explicitFileType = wrapper.application; includeInIndex = 0; path = webview_inside_scrollview.app; sourceTree = BUILT_PRODUCTS_DIR; };
		0EDE50EA28254ED300A2D8D7 /* AppDelegate.swift */ = {isa = PBXFileReference; lastKnownFileType = sourcecode.swift; path = AppDelegate.swift; sourceTree = "<group>"; };
		0EDE50EC28254ED300A2D8D7 /* RootViewController.swift */ = {isa = PBXFileReference; lastKnownFileType = sourcecode.swift; path = RootViewController.swift; sourceTree = "<group>"; };
		0EDE50F028254ED300A2D8D7 /* Assets.xcassets */ = {isa = PBXFileReference; lastKnownFileType = folder.assetcatalog; path = Assets.xcassets; sourceTree = "<group>"; };
		0EDE50F328254ED300A2D8D7 /* Base */ = {isa = PBXFileReference; lastKnownFileType = file.storyboard; name = Base; path = Base.lproj/LaunchScreen.storyboard; sourceTree = "<group>"; };
		0EDE50FA2825F41600A2D8D7 /* WebViewController.swift */ = {isa = PBXFileReference; lastKnownFileType = sourcecode.swift; path = WebViewController.swift; sourceTree = "<group>"; };
		39C5E9FEB83EB044304715BA /* Pods_webview_inside_scrollview.framework */ = {isa = PBXFileReference; explicitFileType = wrapper.framework; includeInIndex = 0; path = Pods_webview_inside_scrollview.framework; sourceTree = BUILT_PRODUCTS_DIR; };
		BBC4A150062BE8BC65C643B9 /* Pods-webview_inside_scrollview.debug.xcconfig */ = {isa = PBXFileReference; includeInIndex = 1; lastKnownFileType = text.xcconfig; name = "Pods-webview_inside_scrollview.debug.xcconfig"; path = "Target Support Files/Pods-webview_inside_scrollview/Pods-webview_inside_scrollview.debug.xcconfig"; sourceTree = "<group>"; };
		FD73026839E761C3F6D93D8E /* Pods-webview_inside_scrollview.release.xcconfig */ = {isa = PBXFileReference; includeInIndex = 1; lastKnownFileType = text.xcconfig; name = "Pods-webview_inside_scrollview.release.xcconfig"; path = "Target Support Files/Pods-webview_inside_scrollview/Pods-webview_inside_scrollview.release.xcconfig"; sourceTree = "<group>"; };
/* End PBXFileReference section */

/* Begin PBXFrameworksBuildPhase section */
		0EDE50E428254ED300A2D8D7 /* Frameworks */ = {
			isa = PBXFrameworksBuildPhase;
			buildActionMask = 2147483647;
			files = (
				2765EFDCFA3B8A762EAE3B14 /* Pods_webview_inside_scrollview.framework in Frameworks */,
			);
			runOnlyForDeploymentPostprocessing = 0;
		};
/* End PBXFrameworksBuildPhase section */

/* Begin PBXGroup section */
		0EDE50DE28254ED300A2D8D7 = {
			isa = PBXGroup;
			children = (
				0EDE50E928254ED300A2D8D7 /* webview_inside_scrollview */,
				0EDE50E828254ED300A2D8D7 /* Products */,
				288B735AB0D25C3755808F4E /* Pods */,
				CAC3DF49C9AEFD0E441358CB /* Frameworks */,
			);
			sourceTree = "<group>";
		};
		0EDE50E828254ED300A2D8D7 /* Products */ = {
			isa = PBXGroup;
			children = (
				0EDE50E728254ED300A2D8D7 /* webview_inside_scrollview.app */,
			);
			name = Products;
			sourceTree = "<group>";
		};
		0EDE50E928254ED300A2D8D7 /* webview_inside_scrollview */ = {
			isa = PBXGroup;
			children = (
				0EDE50EA28254ED300A2D8D7 /* AppDelegate.swift */,
				0EDE50EC28254ED300A2D8D7 /* RootViewController.swift */,
				0EDE50FA2825F41600A2D8D7 /* WebViewController.swift */,
				0EDE50F028254ED300A2D8D7 /* Assets.xcassets */,
				0EDE50F228254ED300A2D8D7 /* LaunchScreen.storyboard */,
			);
			path = webview_inside_scrollview;
			sourceTree = "<group>";
		};
		288B735AB0D25C3755808F4E /* Pods */ = {
			isa = PBXGroup;
			children = (
				BBC4A150062BE8BC65C643B9 /* Pods-webview_inside_scrollview.debug.xcconfig */,
				FD73026839E761C3F6D93D8E /* Pods-webview_inside_scrollview.release.xcconfig */,
			);
			path = Pods;
			sourceTree = "<group>";
		};
		CAC3DF49C9AEFD0E441358CB /* Frameworks */ = {
			isa = PBXGroup;
			children = (
				39C5E9FEB83EB044304715BA /* Pods_webview_inside_scrollview.framework */,
			);
			name = Frameworks;
			sourceTree = "<group>";
		};
/* End PBXGroup section */

/* Begin PBXNativeTarget section */
		0EDE50E628254ED300A2D8D7 /* webview_inside_scrollview */ = {
			isa = PBXNativeTarget;
			buildConfigurationList = 0EDE50F728254ED300A2D8D7 /* Build configuration list for PBXNativeTarget "webview_inside_scrollview" */;
			buildPhases = (
				9F1300678A9D5926AAC58E35 /* [CP] Check Pods Manifest.lock */,
				0EDE50E328254ED300A2D8D7 /* Sources */,
				0EDE50E428254ED300A2D8D7 /* Frameworks */,
				0EDE50E528254ED300A2D8D7 /* Resources */,
				2667E3731F314EDBE540786C /* [CP] Embed Pods Frameworks */,
			);
			buildRules = (
			);
			dependencies = (
			);
			name = webview_inside_scrollview;
			productName = webview_inside_scrollview;
			productReference = 0EDE50E728254ED300A2D8D7 /* webview_inside_scrollview.app */;
			productType = "com.apple.product-type.application";
		};
/* End PBXNativeTarget section */

/* Begin PBXProject section */
		0EDE50DF28254ED300A2D8D7 /* Project object */ = {
			isa = PBXProject;
			attributes = {
				BuildIndependentTargetsInParallel = 1;
				LastSwiftUpdateCheck = 1330;
				LastUpgradeCheck = 1330;
				TargetAttributes = {
					0EDE50E628254ED300A2D8D7 = {
						CreatedOnToolsVersion = 13.3;
					};
				};
			};
			buildConfigurationList = 0EDE50E228254ED300A2D8D7 /* Build configuration list for PBXProject "webview_inside_scrollview" */;
			compatibilityVersion = "Xcode 13.0";
			developmentRegion = en;
			hasScannedForEncodings = 0;
			knownRegions = (
				en,
				Base,
			);
			mainGroup = 0EDE50DE28254ED300A2D8D7;
			productRefGroup = 0EDE50E828254ED300A2D8D7 /* Products */;
			projectDirPath = "";
			projectRoot = "";
			targets = (
				0EDE50E628254ED300A2D8D7 /* webview_inside_scrollview */,
			);
		};
/* End PBXProject section */

/* Begin PBXResourcesBuildPhase section */
		0EDE50E528254ED300A2D8D7 /* Resources */ = {
			isa = PBXResourcesBuildPhase;
			buildActionMask = 2147483647;
			files = (
				0EDE50F128254ED300A2D8D7 /* Assets.xcassets in Resources */,
				0EDE50F428254ED300A2D8D7 /* LaunchScreen.storyboard in Resources */,
			);
			runOnlyForDeploymentPostprocessing = 0;
		};
/* End PBXResourcesBuildPhase section */

/* Begin PBXShellScriptBuildPhase section */
		2667E3731F314EDBE540786C /* [CP] Embed Pods Frameworks */ = {
			isa = PBXShellScriptBuildPhase;
			buildActionMask = 2147483647;
			files = (
			);
			inputFileListPaths = (
				"${PODS_ROOT}/Target Support Files/Pods-webview_inside_scrollview/Pods-webview_inside_scrollview-frameworks-${CONFIGURATION}-input-files.xcfilelist",
			);
			name = "[CP] Embed Pods Frameworks";
			outputFileListPaths = (
				"${PODS_ROOT}/Target Support Files/Pods-webview_inside_scrollview/Pods-webview_inside_scrollview-frameworks-${CONFIGURATION}-output-files.xcfilelist",
			);
			runOnlyForDeploymentPostprocessing = 0;
			shellPath = /bin/sh;
			shellScript = "\"${PODS_ROOT}/Target Support Files/Pods-webview_inside_scrollview/Pods-webview_inside_scrollview-frameworks.sh\"\n";
			showEnvVarsInLog = 0;
		};
		9F1300678A9D5926AAC58E35 /* [CP] Check Pods Manifest.lock */ = {
			isa = PBXShellScriptBuildPhase;
			buildActionMask = 2147483647;
			files = (
			);
			inputFileListPaths = (
			);
			inputPaths = (
				"${PODS_PODFILE_DIR_PATH}/Podfile.lock",
				"${PODS_ROOT}/Manifest.lock",
			);
			name = "[CP] Check Pods Manifest.lock";
			outputFileListPaths = (
			);
			outputPaths = (
				"$(DERIVED_FILE_DIR)/Pods-webview_inside_scrollview-checkManifestLockResult.txt",
			);
			runOnlyForDeploymentPostprocessing = 0;
			shellPath = /bin/sh;
			shellScript = "diff \"${PODS_PODFILE_DIR_PATH}/Podfile.lock\" \"${PODS_ROOT}/Manifest.lock\" > /dev/null\nif [ $? != 0 ] ; then\n    # print error to STDERR\n    echo \"error: The sandbox is not in sync with the Podfile.lock. Run 'pod install' or update your CocoaPods installation.\" >&2\n    exit 1\nfi\n# This output is used by Xcode 'outputs' to avoid re-running this script phase.\necho \"SUCCESS\" > \"${SCRIPT_OUTPUT_FILE_0}\"\n";
			showEnvVarsInLog = 0;
		};
/* End PBXShellScriptBuildPhase section */

/* Begin PBXSourcesBuildPhase section */
		0EDE50E328254ED300A2D8D7 /* Sources */ = {
			isa = PBXSourcesBuildPhase;
			buildActionMask = 2147483647;
			files = (
				0EDE50ED28254ED300A2D8D7 /* RootViewController.swift in Sources */,
				0EDE50FB2825F41600A2D8D7 /* WebViewController.swift in Sources */,
				0EDE50EB28254ED300A2D8D7 /* AppDelegate.swift in Sources */,
			);
			runOnlyForDeploymentPostprocessing = 0;
		};
/* End PBXSourcesBuildPhase section */

/* Begin PBXVariantGroup section */
		0EDE50F228254ED300A2D8D7 /* LaunchScreen.storyboard */ = {
			isa = PBXVariantGroup;
			children = (
				0EDE50F328254ED300A2D8D7 /* Base */,
			);
			name = LaunchScreen.storyboard;
			sourceTree = "<group>";
		};
/* End PBXVariantGroup section */

/* Begin XCBuildConfiguration section */
		0EDE50F528254ED300A2D8D7 /* Debug */ = {
			isa = XCBuildConfiguration;
			buildSettings = {
				ALWAYS_SEARCH_USER_PATHS = NO;
				CLANG_ANALYZER_NONNULL = YES;
				CLANG_ANALYZER_NUMBER_OBJECT_CONVERSION = YES_AGGRESSIVE;
				CLANG_CXX_LANGUAGE_STANDARD = "gnu++17";
				CLANG_ENABLE_MODULES = YES;
				CLANG_ENABLE_OBJC_ARC = YES;
				CLANG_ENABLE_OBJC_WEAK = YES;
				CLANG_WARN_BLOCK_CAPTURE_AUTORELEASING = YES;
				CLANG_WARN_BOOL_CONVERSION = YES;
				CLANG_WARN_COMMA = YES;
				CLANG_WARN_CONSTANT_CONVERSION = YES;
				CLANG_WARN_DEPRECATED_OBJC_IMPLEMENTATIONS = YES;
				CLANG_WARN_DIRECT_OBJC_ISA_USAGE = YES_ERROR;
				CLANG_WARN_DOCUMENTATION_COMMENTS = YES;
				CLANG_WARN_EMPTY_BODY = YES;
				CLANG_WARN_ENUM_CONVERSION = YES;
				CLANG_WARN_INFINITE_RECURSION = YES;
				CLANG_WARN_INT_CONVERSION = YES;
				CLANG_WARN_NON_LITERAL_NULL_CONVERSION = YES;
				CLANG_WARN_OBJC_IMPLICIT_RETAIN_SELF = YES;
				CLANG_WARN_OBJC_LITERAL_CONVERSION = YES;
				CLANG_WARN_OBJC_ROOT_CLASS = YES_ERROR;
				CLANG_WARN_QUOTED_INCLUDE_IN_FRAMEWORK_HEADER = YES;
				CLANG_WARN_RANGE_LOOP_ANALYSIS = YES;
				CLANG_WARN_STRICT_PROTOTYPES = YES;
				CLANG_WARN_SUSPICIOUS_MOVE = YES;
				CLANG_WARN_UNGUARDED_AVAILABILITY = YES_AGGRESSIVE;
				CLANG_WARN_UNREACHABLE_CODE = YES;
				CLANG_WARN__DUPLICATE_METHOD_MATCH = YES;
				COPY_PHASE_STRIP = NO;
				DEBUG_INFORMATION_FORMAT = dwarf;
				ENABLE_STRICT_OBJC_MSGSEND = YES;
				ENABLE_TESTABILITY = YES;
				GCC_C_LANGUAGE_STANDARD = gnu11;
				GCC_DYNAMIC_NO_PIC = NO;
				GCC_NO_COMMON_BLOCKS = YES;
				GCC_OPTIMIZATION_LEVEL = 0;
				GCC_PREPROCESSOR_DEFINITIONS = (
					"DEBUG=1",
					"$(inherited)",
				);
				GCC_WARN_64_TO_32_BIT_CONVERSION = YES;
				GCC_WARN_ABOUT_RETURN_TYPE = YES_ERROR;
				GCC_WARN_UNDECLARED_SELECTOR = YES;
				GCC_WARN_UNINITIALIZED_AUTOS = YES_AGGRESSIVE;
				GCC_WARN_UNUSED_FUNCTION = YES;
				GCC_WARN_UNUSED_VARIABLE = YES;
				IPHONEOS_DEPLOYMENT_TARGET = 15.4;
				MTL_ENABLE_DEBUG_INFO = INCLUDE_SOURCE;
				MTL_FAST_MATH = YES;
				ONLY_ACTIVE_ARCH = YES;
				SDKROOT = iphoneos;
				SWIFT_ACTIVE_COMPILATION_CONDITIONS = DEBUG;
				SWIFT_OPTIMIZATION_LEVEL = "-Onone";
			};
			name = Debug;
		};
		0EDE50F628254ED300A2D8D7 /* Release */ = {
			isa = XCBuildConfiguration;
			buildSettings = {
				ALWAYS_SEARCH_USER_PATHS = NO;
				CLANG_ANALYZER_NONNULL = YES;
				CLANG_ANALYZER_NUMBER_OBJECT_CONVERSION = YES_AGGRESSIVE;
				CLANG_CXX_LANGUAGE_STANDARD = "gnu++17";
				CLANG_ENABLE_MODULES = YES;
				CLANG_ENABLE_OBJC_ARC = YES;
				CLANG_ENABLE_OBJC_WEAK = YES;
				CLANG_WARN_BLOCK_CAPTURE_AUTORELEASING = YES;
				CLANG_WARN_BOOL_CONVERSION = YES;
				CLANG_WARN_COMMA = YES;
				CLANG_WARN_CONSTANT_CONVERSION = YES;
				CLANG_WARN_DEPRECATED_OBJC_IMPLEMENTATIONS = YES;
				CLANG_WARN_DIRECT_OBJC_ISA_USAGE = YES_ERROR;
				CLANG_WARN_DOCUMENTATION_COMMENTS = YES;
				CLANG_WARN_EMPTY_BODY = YES;
				CLANG_WARN_ENUM_CONVERSION = YES;
				CLANG_WARN_INFINITE_RECURSION = YES;
				CLANG_WARN_INT_CONVERSION = YES;
				CLANG_WARN_NON_LITERAL_NULL_CONVERSION = YES;
				CLANG_WARN_OBJC_IMPLICIT_RETAIN_SELF = YES;
				CLANG_WARN_OBJC_LITERAL_CONVERSION = YES;
				CLANG_WARN_OBJC_ROOT_CLASS = YES_ERROR;
				CLANG_WARN_QUOTED_INCLUDE_IN_FRAMEWORK_HEADER = YES;
				CLANG_WARN_RANGE_LOOP_ANALYSIS = YES;
				CLANG_WARN_STRICT_PROTOTYPES = YES;
				CLANG_WARN_SUSPICIOUS_MOVE = YES;
				CLANG_WARN_UNGUARDED_AVAILABILITY = YES_AGGRESSIVE;
				CLANG_WARN_UNREACHABLE_CODE = YES;
				CLANG_WARN__DUPLICATE_METHOD_MATCH = YES;
				COPY_PHASE_STRIP = NO;
				DEBUG_INFORMATION_FORMAT = "dwarf-with-dsym";
				ENABLE_NS_ASSERTIONS = NO;
				ENABLE_STRICT_OBJC_MSGSEND = YES;
				GCC_C_LANGUAGE_STANDARD = gnu11;
				GCC_NO_COMMON_BLOCKS = YES;
				GCC_WARN_64_TO_32_BIT_CONVERSION = YES;
				GCC_WARN_ABOUT_RETURN_TYPE = YES_ERROR;
				GCC_WARN_UNDECLARED_SELECTOR = YES;
				GCC_WARN_UNINITIALIZED_AUTOS = YES_AGGRESSIVE;
				GCC_WARN_UNUSED_FUNCTION = YES;
				GCC_WARN_UNUSED_VARIABLE = YES;
				IPHONEOS_DEPLOYMENT_TARGET = 15.4;
				MTL_ENABLE_DEBUG_INFO = NO;
				MTL_FAST_MATH = YES;
				SDKROOT = iphoneos;
				SWIFT_COMPILATION_MODE = wholemodule;
				SWIFT_OPTIMIZATION_LEVEL = "-O";
				VALIDATE_PRODUCT = YES;
			};
			name = Release;
		};
		0EDE50F828254ED300A2D8D7 /* Debug */ = {
			isa = XCBuildConfiguration;
			baseConfigurationReference = BBC4A150062BE8BC65C643B9 /* Pods-webview_inside_scrollview.debug.xcconfig */;
			buildSettings = {
				ASSETCATALOG_COMPILER_APPICON_NAME = AppIcon;
				ASSETCATALOG_COMPILER_GLOBAL_ACCENT_COLOR_NAME = AccentColor;
				CODE_SIGN_STYLE = Automatic;
				CURRENT_PROJECT_VERSION = 1;
				GENERATE_INFOPLIST_FILE = YES;
				INFOPLIST_KEY_UIApplicationSupportsIndirectInputEvents = YES;
				INFOPLIST_KEY_UILaunchStoryboardName = LaunchScreen;
				INFOPLIST_KEY_UISupportedInterfaceOrientations_iPad = "UIInterfaceOrientationPortrait UIInterfaceOrientationPortraitUpsideDown UIInterfaceOrientationLandscapeLeft UIInterfaceOrientationLandscapeRight";
				INFOPLIST_KEY_UISupportedInterfaceOrientations_iPhone = "UIInterfaceOrientationPortrait UIInterfaceOrientationLandscapeLeft UIInterfaceOrientationLandscapeRight";
				LD_RUNPATH_SEARCH_PATHS = (
					"$(inherited)",
					"@executable_path/Frameworks",
				);
				MARKETING_VERSION = 1.0;
				PRODUCT_BUNDLE_IDENTIFIER = "com.wingch.webview-inside-scrollview";
				PRODUCT_NAME = "$(TARGET_NAME)";
				SWIFT_EMIT_LOC_STRINGS = YES;
				SWIFT_VERSION = 5.0;
				TARGETED_DEVICE_FAMILY = "1,2";
			};
			name = Debug;
		};
		0EDE50F928254ED300A2D8D7 /* Release */ = {
			isa = XCBuildConfiguration;
			baseConfigurationReference = FD73026839E761C3F6D93D8E /* Pods-webview_inside_scrollview.release.xcconfig */;
			buildSettings = {
				ASSETCATALOG_COMPILER_APPICON_NAME = AppIcon;
				ASSETCATALOG_COMPILER_GLOBAL_ACCENT_COLOR_NAME = AccentColor;
				CODE_SIGN_STYLE = Automatic;
				CURRENT_PROJECT_VERSION = 1;
				GENERATE_INFOPLIST_FILE = YES;
				INFOPLIST_KEY_UIApplicationSupportsIndirectInputEvents = YES;
				INFOPLIST_KEY_UILaunchStoryboardName = LaunchScreen;
				INFOPLIST_KEY_UISupportedInterfaceOrientations_iPad = "UIInterfaceOrientationPortrait UIInterfaceOrientationPortraitUpsideDown UIInterfaceOrientationLandscapeLeft UIInterfaceOrientationLandscapeRight";
				INFOPLIST_KEY_UISupportedInterfaceOrientations_iPhone = "UIInterfaceOrientationPortrait UIInterfaceOrientationLandscapeLeft UIInterfaceOrientationLandscapeRight";
				LD_RUNPATH_SEARCH_PATHS = (
					"$(inherited)",
					"@executable_path/Frameworks",
				);
				MARKETING_VERSION = 1.0;
				PRODUCT_BUNDLE_IDENTIFIER = "com.wingch.webview-inside-scrollview";
				PRODUCT_NAME = "$(TARGET_NAME)";
				SWIFT_EMIT_LOC_STRINGS = YES;
				SWIFT_VERSION = 5.0;
				TARGETED_DEVICE_FAMILY = "1,2";
			};
			name = Release;
		};
/* End XCBuildConfiguration section */

/* Begin XCConfigurationList section */
		0EDE50E228254ED300A2D8D7 /* Build configuration list for PBXProject "webview_inside_scrollview" */ = {
			isa = XCConfigurationList;
			buildConfigurations = (
				0EDE50F528254ED300A2D8D7 /* Debug */,
				0EDE50F628254ED300A2D8D7 /* Release */,
			);
			defaultConfigurationIsVisible = 0;
			defaultConfigurationName = Release;
		};
		0EDE50F728254ED300A2D8D7 /* Build configuration list for PBXNativeTarget "webview_inside_scrollview" */ = {
			isa = XCConfigurationList;
			buildConfigurations = (
				0EDE50F828254ED300A2D8D7 /* Debug */,
				0EDE50F928254ED300A2D8D7 /* Release */,
			);
			defaultConfigurationIsVisible = 0;
			defaultConfigurationName = Release;
		};
/* End XCConfigurationList section */
	};
	rootObject = 0EDE50DF28254ED300A2D8D7 /* Project object */;
}
